// !$*UTF8*$!
{
	archiveVersion = 1;
	classes = {
	};
	objectVersion = 50;
	objects = {

/* Begin PBXBuildFile section */
		10E7F132CA908298B228EF8A /* libPods-MySDKDemoLib.a in Frameworks */ = {isa = PBXBuildFile; fileRef = 955E0BB801595395887C1866 /* libPods-MySDKDemoLib.a */; };
		6716FC0B21B6CB4F001720E2 /* SDKBundle.bundle in Resources */ = {isa = PBXBuildFile; fileRef = 6716F9C221B6BB3E001720E2 /* SDKBundle.bundle */; };
		6716FC0C21B6CB77001720E2 /* SDKBundle.bundle in Copy Files (2 items) */ = {isa = PBXBuildFile; fileRef = 6716F9C221B6BB3E001720E2 /* SDKBundle.bundle */; };
		6716FC1921B6CC95001720E2 /* SDKBundle.bundle in Resources */ = {isa = PBXBuildFile; fileRef = 6716F9C221B6BB3E001720E2 /* SDKBundle.bundle */; };
		6716FC1A21B6CD5F001720E2 /* libMySDKDemoLib.a in Frameworks */ = {isa = PBXBuildFile; fileRef = 677BB605217EBFE800C1ED76 /* libMySDKDemoLib.a */; };
		677BB60A217EBFE800C1ED76 /* MySDKDemoLib.m in Sources */ = {isa = PBXBuildFile; fileRef = 677BB609217EBFE800C1ED76 /* MySDKDemoLib.m */; };
		677BB60B217EBFE800C1ED76 /* MySDKDemoLib.h in Copy Files (2 items) */ = {isa = PBXBuildFile; fileRef = 677BB608217EBFE800C1ED76 /* MySDKDemoLib.h */; };
		677BB65B217EC6D300C1ED76 /* SDKLoginController.m in Sources */ = {isa = PBXBuildFile; fileRef = 677BB62D217EC6D200C1ED76 /* SDKLoginController.m */; };
		677BB65C217EC6D300C1ED76 /* ParamsRegLogOn.m in Sources */ = {isa = PBXBuildFile; fileRef = 677BB631217EC6D200C1ED76 /* ParamsRegLogOn.m */; };
		677BB65E217EC6D300C1ED76 /* MyToast.m in Sources */ = {isa = PBXBuildFile; fileRef = 677BB63B217EC6D200C1ED76 /* MyToast.m */; };
		677BB65F217EC6D300C1ED76 /* MySDKNetWorkController.m in Sources */ = {isa = PBXBuildFile; fileRef = 677BB63F217EC6D200C1ED76 /* MySDKNetWorkController.m */; };
		677BB660217EC6D300C1ED76 /* NetWorkRespondModel.m in Sources */ = {isa = PBXBuildFile; fileRef = 677BB641217EC6D200C1ED76 /* NetWorkRespondModel.m */; };
		677BB661217EC6D300C1ED76 /* NSString+Sign.m in Sources */ = {isa = PBXBuildFile; fileRef = 677BB644217EC6D200C1ED76 /* NSString+Sign.m */; };
		677BB662217EC6D300C1ED76 /* NSString+UniqueStrings.m in Sources */ = {isa = PBXBuildFile; fileRef = 677BB647217EC6D200C1ED76 /* NSString+UniqueStrings.m */; };
		677BB663217EC6D300C1ED76 /* APICommonParams.m in Sources */ = {isa = PBXBuildFile; fileRef = 677BB64A217EC6D200C1ED76 /* APICommonParams.m */; };
		677BB664217EC6D300C1ED76 /* LogoView.m in Sources */ = {isa = PBXBuildFile; fileRef = 677BB64F217EC6D200C1ED76 /* LogoView.m */; };
		677BB665217EC6D300C1ED76 /* MySDKInitController.m in Sources */ = {isa = PBXBuildFile; fileRef = 677BB654217EC6D300C1ED76 /* MySDKInitController.m */; };
		677BB666217EC6D300C1ED76 /* MySDKConfig.m in Sources */ = {isa = PBXBuildFile; fileRef = 677BB656217EC6D300C1ED76 /* MySDKConfig.m */; };
		677BB667217EC6D300C1ED76 /* MySDKInitData.m in Sources */ = {isa = PBXBuildFile; fileRef = 677BB657217EC6D300C1ED76 /* MySDKInitData.m */; };
		67939FA021B531AF00E0A641 /* AppDelegate.m in Sources */ = {isa = PBXBuildFile; fileRef = 67939F9F21B531AF00E0A641 /* AppDelegate.m */; };
		67939FA221B531B000E0A641 /* GameScene.sks in Resources */ = {isa = PBXBuildFile; fileRef = 67939FA121B531B000E0A641 /* GameScene.sks */; };
		67939FA421B531B000E0A641 /* Actions.sks in Resources */ = {isa = PBXBuildFile; fileRef = 67939FA321B531B000E0A641 /* Actions.sks */; };
		67939FA721B531B000E0A641 /* GameScene.m in Sources */ = {isa = PBXBuildFile; fileRef = 67939FA621B531B000E0A641 /* GameScene.m */; };
		67939FAA21B531B000E0A641 /* GameViewController.m in Sources */ = {isa = PBXBuildFile; fileRef = 67939FA921B531B000E0A641 /* GameViewController.m */; };
		67939FAD21B531B000E0A641 /* Main.storyboard in Resources */ = {isa = PBXBuildFile; fileRef = 67939FAB21B531B000E0A641 /* Main.storyboard */; };
		67939FAF21B531B200E0A641 /* Assets.xcassets in Resources */ = {isa = PBXBuildFile; fileRef = 67939FAE21B531B200E0A641 /* Assets.xcassets */; };
		67939FB221B531B200E0A641 /* LaunchScreen.storyboard in Resources */ = {isa = PBXBuildFile; fileRef = 67939FB021B531B200E0A641 /* LaunchScreen.storyboard */; };
		67939FB521B531B200E0A641 /* main.m in Sources */ = {isa = PBXBuildFile; fileRef = 67939FB421B531B200E0A641 /* main.m */; };
		6793A24721B75EF400E0A641 /* kl_checkbox.png in Resources */ = {isa = PBXBuildFile; fileRef = 6793A23C21B75EF200E0A641 /* kl_checkbox.png */; };
		6793A24821B75EF400E0A641 /* 账号框_删除@3x.png in Resources */ = {isa = PBXBuildFile; fileRef = 6793A23D21B75EF300E0A641 /* 账号框_删除@3x.png */; };
		6793A24921B75EF400E0A641 /* button_sel_default@2x.png in Resources */ = {isa = PBXBuildFile; fileRef = 6793A23E21B75EF300E0A641 /* button_sel_default@2x.png */; };
		6793A24A21B75EF400E0A641 /* Root.plist in Resources */ = {isa = PBXBuildFile; fileRef = 6793A23F21B75EF300E0A641 /* Root.plist */; };
		6793A24B21B75EF400E0A641 /* 账号框_删除@2x.png in Resources */ = {isa = PBXBuildFile; fileRef = 6793A24021B75EF300E0A641 /* 账号框_删除@2x.png */; };
		6793A24C21B75EF400E0A641 /* float30 in Resources */ = {isa = PBXBuildFile; fileRef = 6793A24121B75EF300E0A641 /* float30 */; };
		6793A24D21B75EF400E0A641 /* kl_reisterphone.png in Resources */ = {isa = PBXBuildFile; fileRef = 6793A24221B75EF300E0A641 /* kl_reisterphone.png */; };
		6793A24E21B75EF400E0A641 /* temp30 in Resources */ = {isa = PBXBuildFile; fileRef = 6793A24321B75EF300E0A641 /* temp30 */; };
		6793A24F21B75EF400E0A641 /* bg.png in Resources */ = {isa = PBXBuildFile; fileRef = 6793A24421B75EF300E0A641 /* bg.png */; };
		6793A25021B75EF400E0A641 /* button_sel_default@3x.png in Resources */ = {isa = PBXBuildFile; fileRef = 6793A24521B75EF300E0A641 /* button_sel_default@3x.png */; };
		6793A25121B75EF400E0A641 /* kl_bar.png in Resources */ = {isa = PBXBuildFile; fileRef = 6793A24621B75EF300E0A641 /* kl_bar.png */; };
		6793A25F21B7612100E0A641 /* bundleInfo.plist in Resources */ = {isa = PBXBuildFile; fileRef = 6793A25E21B7612100E0A641 /* bundleInfo.plist */; };
		6793A26721B7821900E0A641 /* BaseView.xib in Resources */ = {isa = PBXBuildFile; fileRef = 6793A26621B7821900E0A641 /* BaseView.xib */; };
		67DFADD321B8C0D5009E0C92 /* libAFNetworking.a in Frameworks */ = {isa = PBXBuildFile; fileRef = 670A4B55217F12A100FBE7C3 /* libAFNetworking.a */; };
		67DFADD421B8C0D5009E0C92 /* libKSToastView.a in Frameworks */ = {isa = PBXBuildFile; fileRef = 670A4B57217F12A100FBE7C3 /* libKSToastView.a */; };
		67DFADD521B8C0D5009E0C92 /* libMasonry.a in Frameworks */ = {isa = PBXBuildFile; fileRef = 670A4B58217F12A100FBE7C3 /* libMasonry.a */; };
		67DFADD621B8C0D5009E0C92 /* libMJExtension.a in Frameworks */ = {isa = PBXBuildFile; fileRef = 670A4B56217F12A100FBE7C3 /* libMJExtension.a */; };
		67DFADD721B8C0D5009E0C92 /* libSDWebImage.a in Frameworks */ = {isa = PBXBuildFile; fileRef = 670A4B54217F12A100FBE7C3 /* libSDWebImage.a */; };
		67DFADD821B8C0D5009E0C92 /* libUICKeyChainStore.a in Frameworks */ = {isa = PBXBuildFile; fileRef = 670A4B59217F12A100FBE7C3 /* libUICKeyChainStore.a */; };
		67DFADDB21B8C4D9009E0C92 /* BaseViewController.m in Sources */ = {isa = PBXBuildFile; fileRef = 67DFADDA21B8C4D9009E0C92 /* BaseViewController.m */; };
		67F6331821B6DB8900395266 /* login.png in Resources */ = {isa = PBXBuildFile; fileRef = 67F6331721B6DB8900395266 /* login.png */; };
		67F6332621B8190900395266 /* TitleView.xib in Resources */ = {isa = PBXBuildFile; fileRef = 67F6332521B8190900395266 /* TitleView.xib */; };
		67F6334221B8233500395266 /* 平台@3x.png in Resources */ = {isa = PBXBuildFile; fileRef = 67F6332721B8233200395266 /* 平台@3x.png */; };
		67F6334321B8233500395266 /* 客服点击@3x.png in Resources */ = {isa = PBXBuildFile; fileRef = 67F6332821B8233300395266 /* 客服点击@3x.png */; };
		67F6334421B8233500395266 /* 背景4X4.png in Resources */ = {isa = PBXBuildFile; fileRef = 67F6332921B8233300395266 /* 背景4X4.png */; };
		67F6334521B8233500395266 /* 个人中心@2x.png in Resources */ = {isa = PBXBuildFile; fileRef = 67F6332A21B8233300395266 /* 个人中心@2x.png */; };
		67F6334621B8233500395266 /* 平台点击@3x.png in Resources */ = {isa = PBXBuildFile; fileRef = 67F6332B21B8233300395266 /* 平台点击@3x.png */; };
		67F6334721B8233500395266 /* 攻略点击@2x.png in Resources */ = {isa = PBXBuildFile; fileRef = 67F6332C21B8233300395266 /* 攻略点击@2x.png */; };
		67F6334821B8233500395266 /* 浮标@3x.png in Resources */ = {isa = PBXBuildFile; fileRef = 67F6332D21B8233300395266 /* 浮标@3x.png */; };
		67F6334921B8233500395266 /* 攻略@2x.png in Resources */ = {isa = PBXBuildFile; fileRef = 67F6332E21B8233300395266 /* 攻略@2x.png */; };
		67F6334A21B8233500395266 /* 隐藏@2x.png in Resources */ = {isa = PBXBuildFile; fileRef = 67F6332F21B8233300395266 /* 隐藏@2x.png */; };
		67F6334B21B8233500395266 /* 个人中心点击@3x.png in Resources */ = {isa = PBXBuildFile; fileRef = 67F6333021B8233300395266 /* 个人中心点击@3x.png */; };
		67F6334C21B8233500395266 /* 分割线@3x.png in Resources */ = {isa = PBXBuildFile; fileRef = 67F6333121B8233300395266 /* 分割线@3x.png */; };
		67F6334D21B8233500395266 /* 攻略点击@3x.png in Resources */ = {isa = PBXBuildFile; fileRef = 67F6333221B8233400395266 /* 攻略点击@3x.png */; };
		67F6334E21B8233500395266 /* 攻略@3x.png in Resources */ = {isa = PBXBuildFile; fileRef = 67F6333321B8233400395266 /* 攻略@3x.png */; };
		67F6334F21B8233500395266 /* 隐藏点击@2x.png in Resources */ = {isa = PBXBuildFile; fileRef = 67F6333421B8233400395266 /* 隐藏点击@2x.png */; };
		67F6335021B8233500395266 /* 平台点击@2x.png in Resources */ = {isa = PBXBuildFile; fileRef = 67F6333521B8233400395266 /* 平台点击@2x.png */; };
		67F6335121B8233500395266 /* 隐藏点击@3x.png in Resources */ = {isa = PBXBuildFile; fileRef = 67F6333621B8233400395266 /* 隐藏点击@3x.png */; };
		67F6335221B8233500395266 /* 浮标拖动@2x.png in Resources */ = {isa = PBXBuildFile; fileRef = 67F6333721B8233400395266 /* 浮标拖动@2x.png */; };
		67F6335321B8233500395266 /* 客服@3x.png in Resources */ = {isa = PBXBuildFile; fileRef = 67F6333821B8233400395266 /* 客服@3x.png */; };
		67F6335421B8233500395266 /* 客服@2x.png in Resources */ = {isa = PBXBuildFile; fileRef = 67F6333921B8233400395266 /* 客服@2x.png */; };
		67F6335521B8233500395266 /* 分割线@2x.png in Resources */ = {isa = PBXBuildFile; fileRef = 67F6333A21B8233400395266 /* 分割线@2x.png */; };
		67F6335621B8233500395266 /* 浮标拖动@3x.png in Resources */ = {isa = PBXBuildFile; fileRef = 67F6333B21B8233500395266 /* 浮标拖动@3x.png */; };
		67F6335721B8233500395266 /* 个人中心点击@2x.png in Resources */ = {isa = PBXBuildFile; fileRef = 67F6333C21B8233500395266 /* 个人中心点击@2x.png */; };
		67F6335821B8233500395266 /* 个人中心@3x.png in Resources */ = {isa = PBXBuildFile; fileRef = 67F6333D21B8233500395266 /* 个人中心@3x.png */; };
		67F6335921B8233500395266 /* 平台@2x.png in Resources */ = {isa = PBXBuildFile; fileRef = 67F6333E21B8233500395266 /* 平台@2x.png */; };
		67F6335A21B8233500395266 /* 浮标@2x.png in Resources */ = {isa = PBXBuildFile; fileRef = 67F6333F21B8233500395266 /* 浮标@2x.png */; };
		67F6335B21B8233500395266 /* 客服点击@2x.png in Resources */ = {isa = PBXBuildFile; fileRef = 67F6334021B8233500395266 /* 客服点击@2x.png */; };
		67F6335C21B8233500395266 /* 隐藏@3x.png in Resources */ = {isa = PBXBuildFile; fileRef = 67F6334121B8233500395266 /* 隐藏@3x.png */; };
		67F6339521B8268B00395266 /* 时间@2x.png in Resources */ = {isa = PBXBuildFile; fileRef = 67F6335D21B8268400395266 /* 时间@2x.png */; };
		67F6339621B8268B00395266 /* 实名验证@2x.png in Resources */ = {isa = PBXBuildFile; fileRef = 67F6335E21B8268400395266 /* 实名验证@2x.png */; };
		67F6339721B8268B00395266 /* 微信@3x.png in Resources */ = {isa = PBXBuildFile; fileRef = 67F6335F21B8268400395266 /* 微信@3x.png */; };
		67F6339821B8268B00395266 /* 常见问题@2x.png in Resources */ = {isa = PBXBuildFile; fileRef = 67F6336021B8268400395266 /* 常见问题@2x.png */; };
		67F6339921B8268B00395266 /* 键盘@2x.png in Resources */ = {isa = PBXBuildFile; fileRef = 67F6336121B8268400395266 /* 键盘@2x.png */; };
		67F6339A21B8268B00395266 /* 关闭@2x.png in Resources */ = {isa = PBXBuildFile; fileRef = 67F6336221B8268400395266 /* 关闭@2x.png */; };
		67F6339B21B8268B00395266 /* 实名验证@3x.png in Resources */ = {isa = PBXBuildFile; fileRef = 67F6336321B8268400395266 /* 实名验证@3x.png */; };
		67F6339C21B8268B00395266 /* 使用许可@3x.png in Resources */ = {isa = PBXBuildFile; fileRef = 67F6336421B8268400395266 /* 使用许可@3x.png */; };
		67F6339D21B8268B00395266 /* 找回秘密@3x.png in Resources */ = {isa = PBXBuildFile; fileRef = 67F6336521B8268500395266 /* 找回秘密@3x.png */; };
		67F6339E21B8268B00395266 /* 按钮@3x.png in Resources */ = {isa = PBXBuildFile; fileRef = 67F6336621B8268500395266 /* 按钮@3x.png */; };
		67F6339F21B8268B00395266 /* 手机@3x.png in Resources */ = {isa = PBXBuildFile; fileRef = 67F6336721B8268500395266 /* 手机@3x.png */; };
		67F633A021B8268B00395266 /* 边框@3x.png in Resources */ = {isa = PBXBuildFile; fileRef = 67F6336821B8268500395266 /* 边框@3x.png */; };
		67F633A121B8268B00395266 /* 下拉@2x.png in Resources */ = {isa = PBXBuildFile; fileRef = 67F6336921B8268500395266 /* 下拉@2x.png */; };
		67F633A221B8268B00395266 /* 关闭@3x.png in Resources */ = {isa = PBXBuildFile; fileRef = 67F6336A21B8268500395266 /* 关闭@3x.png */; };
		67F633A321B8268B00395266 /* 游客登录@2x.png in Resources */ = {isa = PBXBuildFile; fileRef = 67F6336B21B8268500395266 /* 游客登录@2x.png */; };
		67F633A421B8268B00395266 /* 电话@3x.png in Resources */ = {isa = PBXBuildFile; fileRef = 67F6336C21B8268500395266 /* 电话@3x.png */; };
		67F633A521B8268B00395266 /* 修改密码@2x.png in Resources */ = {isa = PBXBuildFile; fileRef = 67F6336D21B8268600395266 /* 修改密码@2x.png */; };
		67F633A621B8268B00395266 /* 用户隐私@3x.png in Resources */ = {isa = PBXBuildFile; fileRef = 67F6336E21B8268600395266 /* 用户隐私@3x.png */; };
		67F633A721B8268B00395266 /* 用户@2x.png in Resources */ = {isa = PBXBuildFile; fileRef = 67F6336F21B8268600395266 /* 用户@2x.png */; };
		67F633A821B8268B00395266 /* 键盘@3x.png in Resources */ = {isa = PBXBuildFile; fileRef = 67F6337021B8268600395266 /* 键盘@3x.png */; };
		67F633A921B8268B00395266 /* 账号登录@2x.png in Resources */ = {isa = PBXBuildFile; fileRef = 67F6337121B8268600395266 /* 账号登录@2x.png */; };
		67F633AA21B8268B00395266 /* 闭眼@3x.png in Resources */ = {isa = PBXBuildFile; fileRef = 67F6337221B8268600395266 /* 闭眼@3x.png */; };
		67F633AB21B8268B00395266 /* 输入框@3x.png in Resources */ = {isa = PBXBuildFile; fileRef = 67F6337321B8268600395266 /* 输入框@3x.png */; };
		67F633AC21B8268B00395266 /* 电话@2x.png in Resources */ = {isa = PBXBuildFile; fileRef = 67F6337421B8268600395266 /* 电话@2x.png */; };
		67F633AD21B8268B00395266 /* 边框@2x.png in Resources */ = {isa = PBXBuildFile; fileRef = 67F6337521B8268600395266 /* 边框@2x.png */; };
		67F633AE21B8268B00395266 /* 输入框@2x.png in Resources */ = {isa = PBXBuildFile; fileRef = 67F6337621B8268700395266 /* 输入框@2x.png */; };
		67F633AF21B8268B00395266 /* 使用许可@2x.png in Resources */ = {isa = PBXBuildFile; fileRef = 67F6337721B8268700395266 /* 使用许可@2x.png */; };
		67F633B021B8268B00395266 /* 问号@2x.png in Resources */ = {isa = PBXBuildFile; fileRef = 67F6337821B8268700395266 /* 问号@2x.png */; };
		67F633B121B8268B00395266 /* 用户@3x.png in Resources */ = {isa = PBXBuildFile; fileRef = 67F6337921B8268700395266 /* 用户@3x.png */; };
		67F633B221B8268B00395266 /* 下拉@3x.png in Resources */ = {isa = PBXBuildFile; fileRef = 67F6337A21B8268700395266 /* 下拉@3x.png */; };
		67F633B321B8268B00395266 /* 按钮@2x.png in Resources */ = {isa = PBXBuildFile; fileRef = 67F6337B21B8268800395266 /* 按钮@2x.png */; };
		67F633B421B8268B00395266 /* 原密码@3x.png in Resources */ = {isa = PBXBuildFile; fileRef = 67F6337C21B8268800395266 /* 原密码@3x.png */; };
		67F633B521B8268B00395266 /* 找回秘密@2x.png in Resources */ = {isa = PBXBuildFile; fileRef = 67F6337D21B8268800395266 /* 找回秘密@2x.png */; };
		67F633B621B8268B00395266 /* QQ@3x.png in Resources */ = {isa = PBXBuildFile; fileRef = 67F6337E21B8268800395266 /* QQ@3x.png */; };
		67F633B721B8268B00395266 /* QQ@2x.png in Resources */ = {isa = PBXBuildFile; fileRef = 67F6337F21B8268800395266 /* QQ@2x.png */; };
		67F633B821B8268B00395266 /* 手机@2x.png in Resources */ = {isa = PBXBuildFile; fileRef = 67F6338021B8268800395266 /* 手机@2x.png */; };
		67F633B921B8268B00395266 /* 原密码@2x.png in Resources */ = {isa = PBXBuildFile; fileRef = 67F6338121B8268800395266 /* 原密码@2x.png */; };
		67F633BA21B8268B00395266 /* 游客登录@3x.png in Resources */ = {isa = PBXBuildFile; fileRef = 67F6338221B8268800395266 /* 游客登录@3x.png */; };
		67F633BB21B8268B00395266 /* 时间@3x.png in Resources */ = {isa = PBXBuildFile; fileRef = 67F6338321B8268900395266 /* 时间@3x.png */; };
		67F633BC21B8268B00395266 /* 用户隐私@2x.png in Resources */ = {isa = PBXBuildFile; fileRef = 67F6338421B8268900395266 /* 用户隐私@2x.png */; };
		67F633BD21B8268B00395266 /* 开眼@3x.png in Resources */ = {isa = PBXBuildFile; fileRef = 67F6338521B8268900395266 /* 开眼@3x.png */; };
		67F633BE21B8268B00395266 /* 确认密码@2x.png in Resources */ = {isa = PBXBuildFile; fileRef = 67F6338621B8268900395266 /* 确认密码@2x.png */; };
		67F633BF21B8268B00395266 /* 免费注册@3x.png in Resources */ = {isa = PBXBuildFile; fileRef = 67F6338721B8268900395266 /* 免费注册@3x.png */; };
		67F633C021B8268B00395266 /* 免费注册@2x.png in Resources */ = {isa = PBXBuildFile; fileRef = 67F6338821B8268900395266 /* 免费注册@2x.png */; };
		67F633C121B8268B00395266 /* 问号@3x.png in Resources */ = {isa = PBXBuildFile; fileRef = 67F6338921B8268900395266 /* 问号@3x.png */; };
		67F633C221B8268B00395266 /* 确认密码@3x.png in Resources */ = {isa = PBXBuildFile; fileRef = 67F6338A21B8268900395266 /* 确认密码@3x.png */; };
		67F633C321B8268B00395266 /* 开眼@2x.png in Resources */ = {isa = PBXBuildFile; fileRef = 67F6338B21B8268A00395266 /* 开眼@2x.png */; };
		67F633C421B8268B00395266 /* 闭眼@2x.png in Resources */ = {isa = PBXBuildFile; fileRef = 67F6338C21B8268A00395266 /* 闭眼@2x.png */; };
		67F633C521B8268B00395266 /* 账号登录@3x.png in Resources */ = {isa = PBXBuildFile; fileRef = 67F6338D21B8268A00395266 /* 账号登录@3x.png */; };
		67F633C621B8268B00395266 /* 返回@3x.png in Resources */ = {isa = PBXBuildFile; fileRef = 67F6338E21B8268A00395266 /* 返回@3x.png */; };
		67F633C721B8268B00395266 /* 推荐@3x.png in Resources */ = {isa = PBXBuildFile; fileRef = 67F6338F21B8268A00395266 /* 推荐@3x.png */; };
		67F633C821B8268B00395266 /* 推荐@2x.png in Resources */ = {isa = PBXBuildFile; fileRef = 67F6339021B8268A00395266 /* 推荐@2x.png */; };
		67F633C921B8268B00395266 /* 微信@2x.png in Resources */ = {isa = PBXBuildFile; fileRef = 67F6339121B8268A00395266 /* 微信@2x.png */; };
		67F633CA21B8268B00395266 /* 返回@2x.png in Resources */ = {isa = PBXBuildFile; fileRef = 67F6339221B8268A00395266 /* 返回@2x.png */; };
		67F633CB21B8268B00395266 /* 修改密码@3x.png in Resources */ = {isa = PBXBuildFile; fileRef = 67F6339321B8268B00395266 /* 修改密码@3x.png */; };
		67F633CC21B8268B00395266 /* 常见问题@3x.png in Resources */ = {isa = PBXBuildFile; fileRef = 67F6339421B8268B00395266 /* 常见问题@3x.png */; };
/* End PBXBuildFile section */

/* Begin PBXCopyFilesBuildPhase section */
		677BB603217EBFE800C1ED76 /* Copy Files (2 items) */ = {
			isa = PBXCopyFilesBuildPhase;
			buildActionMask = 2147483647;
			dstPath = "include/$(PRODUCT_NAME)";
			dstSubfolderSpec = 16;
			files = (
				6716FC0C21B6CB77001720E2 /* SDKBundle.bundle in Copy Files (2 items) */,
				677BB60B217EBFE800C1ED76 /* MySDKDemoLib.h in Copy Files (2 items) */,
			);
			name = "Copy Files (2 items)";
			runOnlyForDeploymentPostprocessing = 0;
		};
/* End PBXCopyFilesBuildPhase section */

/* Begin PBXFileReference section */
		16DCDF932DEA97C0F2D75EA4 /* Pods-MySDKDemoLib.debug.xcconfig */ = {isa = PBXFileReference; includeInIndex = 1; lastKnownFileType = text.xcconfig; name = "Pods-MySDKDemoLib.debug.xcconfig"; path = "Pods/Target Support Files/Pods-MySDKDemoLib/Pods-MySDKDemoLib.debug.xcconfig"; sourceTree = "<group>"; };
		670A4B54217F12A100FBE7C3 /* libSDWebImage.a */ = {isa = PBXFileReference; lastKnownFileType = archive.ar; name = libSDWebImage.a; path = "../../../Desktop/CocoPodLibs备份/libSDWebImage.a"; sourceTree = "<group>"; };
		670A4B55217F12A100FBE7C3 /* libAFNetworking.a */ = {isa = PBXFileReference; lastKnownFileType = archive.ar; name = libAFNetworking.a; path = "../../../Desktop/CocoPodLibs备份/libAFNetworking.a"; sourceTree = "<group>"; };
		670A4B56217F12A100FBE7C3 /* libMJExtension.a */ = {isa = PBXFileReference; lastKnownFileType = archive.ar; name = libMJExtension.a; path = "../../../Desktop/CocoPodLibs备份/libMJExtension.a"; sourceTree = "<group>"; };
		670A4B57217F12A100FBE7C3 /* libKSToastView.a */ = {isa = PBXFileReference; lastKnownFileType = archive.ar; name = libKSToastView.a; path = "../../../Desktop/CocoPodLibs备份/libKSToastView.a"; sourceTree = "<group>"; };
		670A4B58217F12A100FBE7C3 /* libMasonry.a */ = {isa = PBXFileReference; lastKnownFileType = archive.ar; name = libMasonry.a; path = "../../../Desktop/CocoPodLibs备份/libMasonry.a"; sourceTree = "<group>"; };
		670A4B59217F12A100FBE7C3 /* libUICKeyChainStore.a */ = {isa = PBXFileReference; lastKnownFileType = archive.ar; name = libUICKeyChainStore.a; path = "../../../Desktop/CocoPodLibs备份/libUICKeyChainStore.a"; sourceTree = "<group>"; };
		6716F9C221B6BB3E001720E2 /* SDKBundle.bundle */ = {isa = PBXFileReference; explicitFileType = wrapper.cfbundle; includeInIndex = 0; path = SDKBundle.bundle; sourceTree = BUILT_PRODUCTS_DIR; };
		6716FC0D21B6CBCA001720E2 /* libMJExtension.a */ = {isa = PBXFileReference; lastKnownFileType = archive.ar; name = libMJExtension.a; path = "../../../Desktop/cocoPods备份/libMJExtension.a"; sourceTree = "<group>"; };
		6716FC0E21B6CBCA001720E2 /* libMasonry.a */ = {isa = PBXFileReference; lastKnownFileType = archive.ar; name = libMasonry.a; path = "../../../Desktop/cocoPods备份/libMasonry.a"; sourceTree = "<group>"; };
		6716FC0F21B6CBCA001720E2 /* libUICKeyChainStore.a */ = {isa = PBXFileReference; lastKnownFileType = archive.ar; name = libUICKeyChainStore.a; path = "../../../Desktop/cocoPods备份/libUICKeyChainStore.a"; sourceTree = "<group>"; };
		6716FC1021B6CBCA001720E2 /* libAFNetworking.a */ = {isa = PBXFileReference; lastKnownFileType = archive.ar; name = libAFNetworking.a; path = "../../../Desktop/cocoPods备份/libAFNetworking.a"; sourceTree = "<group>"; };
		6716FC1121B6CBCA001720E2 /* libKSToastView.a */ = {isa = PBXFileReference; lastKnownFileType = archive.ar; name = libKSToastView.a; path = "../../../Desktop/cocoPods备份/libKSToastView.a"; sourceTree = "<group>"; };
		6716FC1221B6CBCA001720E2 /* libSDWebImage.a */ = {isa = PBXFileReference; lastKnownFileType = archive.ar; name = libSDWebImage.a; path = "../../../Desktop/cocoPods备份/libSDWebImage.a"; sourceTree = "<group>"; };
		677BB605217EBFE800C1ED76 /* libMySDKDemoLib.a */ = {isa = PBXFileReference; explicitFileType = archive.ar; includeInIndex = 0; path = libMySDKDemoLib.a; sourceTree = BUILT_PRODUCTS_DIR; };
		677BB608217EBFE800C1ED76 /* MySDKDemoLib.h */ = {isa = PBXFileReference; lastKnownFileType = sourcecode.c.h; path = MySDKDemoLib.h; sourceTree = "<group>"; };
		677BB609217EBFE800C1ED76 /* MySDKDemoLib.m */ = {isa = PBXFileReference; lastKnownFileType = sourcecode.c.objc; path = MySDKDemoLib.m; sourceTree = "<group>"; };
		677BB62D217EC6D200C1ED76 /* SDKLoginController.m */ = {isa = PBXFileReference; fileEncoding = 4; lastKnownFileType = sourcecode.c.objc; path = SDKLoginController.m; sourceTree = "<group>"; };
		677BB62E217EC6D200C1ED76 /* SDKLoginController.h */ = {isa = PBXFileReference; fileEncoding = 4; lastKnownFileType = sourcecode.c.h; path = SDKLoginController.h; sourceTree = "<group>"; };
		677BB630217EC6D200C1ED76 /* ParamsRegLogOn.h */ = {isa = PBXFileReference; fileEncoding = 4; lastKnownFileType = sourcecode.c.h; path = ParamsRegLogOn.h; sourceTree = "<group>"; };
		677BB631217EC6D200C1ED76 /* ParamsRegLogOn.m */ = {isa = PBXFileReference; fileEncoding = 4; lastKnownFileType = sourcecode.c.objc; path = ParamsRegLogOn.m; sourceTree = "<group>"; };
		677BB637217EC6D200C1ED76 /* GlobalDefine.pch */ = {isa = PBXFileReference; fileEncoding = 4; lastKnownFileType = sourcecode.c.h; path = GlobalDefine.pch; sourceTree = "<group>"; };
		677BB63A217EC6D200C1ED76 /* MyToast.h */ = {isa = PBXFileReference; fileEncoding = 4; lastKnownFileType = sourcecode.c.h; path = MyToast.h; sourceTree = "<group>"; };
		677BB63B217EC6D200C1ED76 /* MyToast.m */ = {isa = PBXFileReference; fileEncoding = 4; lastKnownFileType = sourcecode.c.objc; path = MyToast.m; sourceTree = "<group>"; };
		677BB63E217EC6D200C1ED76 /* MySDKNetWorkController.h */ = {isa = PBXFileReference; fileEncoding = 4; lastKnownFileType = sourcecode.c.h; path = MySDKNetWorkController.h; sourceTree = "<group>"; };
		677BB63F217EC6D200C1ED76 /* MySDKNetWorkController.m */ = {isa = PBXFileReference; fileEncoding = 4; lastKnownFileType = sourcecode.c.objc; path = MySDKNetWorkController.m; sourceTree = "<group>"; };
		677BB641217EC6D200C1ED76 /* NetWorkRespondModel.m */ = {isa = PBXFileReference; fileEncoding = 4; lastKnownFileType = sourcecode.c.objc; path = NetWorkRespondModel.m; sourceTree = "<group>"; };
		677BB642217EC6D200C1ED76 /* NetWorkRespondModel.h */ = {isa = PBXFileReference; fileEncoding = 4; lastKnownFileType = sourcecode.c.h; path = NetWorkRespondModel.h; sourceTree = "<group>"; };
		677BB644217EC6D200C1ED76 /* NSString+Sign.m */ = {isa = PBXFileReference; fileEncoding = 4; lastKnownFileType = sourcecode.c.objc; path = "NSString+Sign.m"; sourceTree = "<group>"; };
		677BB645217EC6D200C1ED76 /* NSString+UniqueStrings.h */ = {isa = PBXFileReference; fileEncoding = 4; lastKnownFileType = sourcecode.c.h; path = "NSString+UniqueStrings.h"; sourceTree = "<group>"; };
		677BB646217EC6D200C1ED76 /* NSString+Sign.h */ = {isa = PBXFileReference; fileEncoding = 4; lastKnownFileType = sourcecode.c.h; path = "NSString+Sign.h"; sourceTree = "<group>"; };
		677BB647217EC6D200C1ED76 /* NSString+UniqueStrings.m */ = {isa = PBXFileReference; fileEncoding = 4; lastKnownFileType = sourcecode.c.objc; path = "NSString+UniqueStrings.m"; sourceTree = "<group>"; };
		677BB649217EC6D200C1ED76 /* KKDebug.h */ = {isa = PBXFileReference; fileEncoding = 4; lastKnownFileType = sourcecode.c.h; path = KKDebug.h; sourceTree = "<group>"; };
		677BB64A217EC6D200C1ED76 /* APICommonParams.m */ = {isa = PBXFileReference; fileEncoding = 4; lastKnownFileType = sourcecode.c.objc; path = APICommonParams.m; sourceTree = "<group>"; };
		677BB64D217EC6D200C1ED76 /* LogoView.xib */ = {isa = PBXFileReference; fileEncoding = 4; lastKnownFileType = file.xib; path = LogoView.xib; sourceTree = "<group>"; };
		677BB64E217EC6D200C1ED76 /* LogoView.h */ = {isa = PBXFileReference; fileEncoding = 4; lastKnownFileType = sourcecode.c.h; path = LogoView.h; sourceTree = "<group>"; };
		677BB64F217EC6D200C1ED76 /* LogoView.m */ = {isa = PBXFileReference; fileEncoding = 4; lastKnownFileType = sourcecode.c.objc; path = LogoView.m; sourceTree = "<group>"; };
		677BB650217EC6D200C1ED76 /* APICommonParams.h */ = {isa = PBXFileReference; fileEncoding = 4; lastKnownFileType = sourcecode.c.h; path = APICommonParams.h; sourceTree = "<group>"; };
		677BB653217EC6D300C1ED76 /* MySDKInitController.h */ = {isa = PBXFileReference; fileEncoding = 4; lastKnownFileType = sourcecode.c.h; path = MySDKInitController.h; sourceTree = "<group>"; };
		677BB654217EC6D300C1ED76 /* MySDKInitController.m */ = {isa = PBXFileReference; fileEncoding = 4; lastKnownFileType = sourcecode.c.objc; path = MySDKInitController.m; sourceTree = "<group>"; };
		677BB656217EC6D300C1ED76 /* MySDKConfig.m */ = {isa = PBXFileReference; fileEncoding = 4; lastKnownFileType = sourcecode.c.objc; path = MySDKConfig.m; sourceTree = "<group>"; };
		677BB657217EC6D300C1ED76 /* MySDKInitData.m */ = {isa = PBXFileReference; fileEncoding = 4; lastKnownFileType = sourcecode.c.objc; path = MySDKInitData.m; sourceTree = "<group>"; };
		677BB658217EC6D300C1ED76 /* MySDKConfig.h */ = {isa = PBXFileReference; fileEncoding = 4; lastKnownFileType = sourcecode.c.h; path = MySDKConfig.h; sourceTree = "<group>"; };
		677BB659217EC6D300C1ED76 /* MySDKInitData.h */ = {isa = PBXFileReference; fileEncoding = 4; lastKnownFileType = sourcecode.c.h; path = MySDKInitData.h; sourceTree = "<group>"; };
		67939F9C21B531AF00E0A641 /* MyGameTest.app */ = {isa = PBXFileReference; explicitFileType = wrapper.application; includeInIndex = 0; path = MyGameTest.app; sourceTree = BUILT_PRODUCTS_DIR; };
		67939F9E21B531AF00E0A641 /* AppDelegate.h */ = {isa = PBXFileReference; lastKnownFileType = sourcecode.c.h; path = AppDelegate.h; sourceTree = "<group>"; };
		67939F9F21B531AF00E0A641 /* AppDelegate.m */ = {isa = PBXFileReference; lastKnownFileType = sourcecode.c.objc; path = AppDelegate.m; sourceTree = "<group>"; };
		67939FA121B531B000E0A641 /* GameScene.sks */ = {isa = PBXFileReference; lastKnownFileType = file.sks; path = GameScene.sks; sourceTree = "<group>"; };
		67939FA321B531B000E0A641 /* Actions.sks */ = {isa = PBXFileReference; lastKnownFileType = file.sks; path = Actions.sks; sourceTree = "<group>"; };
		67939FA521B531B000E0A641 /* GameScene.h */ = {isa = PBXFileReference; lastKnownFileType = sourcecode.c.h; path = GameScene.h; sourceTree = "<group>"; };
		67939FA621B531B000E0A641 /* GameScene.m */ = {isa = PBXFileReference; lastKnownFileType = sourcecode.c.objc; path = GameScene.m; sourceTree = "<group>"; };
		67939FA821B531B000E0A641 /* GameViewController.h */ = {isa = PBXFileReference; lastKnownFileType = sourcecode.c.h; path = GameViewController.h; sourceTree = "<group>"; };
		67939FA921B531B000E0A641 /* GameViewController.m */ = {isa = PBXFileReference; lastKnownFileType = sourcecode.c.objc; path = GameViewController.m; sourceTree = "<group>"; };
		67939FAC21B531B000E0A641 /* Base */ = {isa = PBXFileReference; lastKnownFileType = file.storyboard; name = Base; path = Base.lproj/Main.storyboard; sourceTree = "<group>"; };
		67939FAE21B531B200E0A641 /* Assets.xcassets */ = {isa = PBXFileReference; lastKnownFileType = folder.assetcatalog; path = Assets.xcassets; sourceTree = "<group>"; };
		67939FB121B531B200E0A641 /* Base */ = {isa = PBXFileReference; lastKnownFileType = file.storyboard; name = Base; path = Base.lproj/LaunchScreen.storyboard; sourceTree = "<group>"; };
		67939FB321B531B200E0A641 /* Info.plist */ = {isa = PBXFileReference; lastKnownFileType = text.plist.xml; path = Info.plist; sourceTree = "<group>"; };
		67939FB421B531B200E0A641 /* main.m */ = {isa = PBXFileReference; lastKnownFileType = sourcecode.c.objc; path = main.m; sourceTree = "<group>"; };
		6793A23C21B75EF200E0A641 /* kl_checkbox.png */ = {isa = PBXFileReference; lastKnownFileType = image.png; path = kl_checkbox.png; sourceTree = "<group>"; };
		6793A23D21B75EF300E0A641 /* 账号框_删除@3x.png */ = {isa = PBXFileReference; lastKnownFileType = image.png; path = "账号框_删除@3x.png"; sourceTree = "<group>"; };
		6793A23E21B75EF300E0A641 /* button_sel_default@2x.png */ = {isa = PBXFileReference; lastKnownFileType = image.png; path = "button_sel_default@2x.png"; sourceTree = "<group>"; };
		6793A23F21B75EF300E0A641 /* Root.plist */ = {isa = PBXFileReference; fileEncoding = 4; lastKnownFileType = text.plist.xml; path = Root.plist; sourceTree = "<group>"; };
		6793A24021B75EF300E0A641 /* 账号框_删除@2x.png */ = {isa = PBXFileReference; lastKnownFileType = image.png; path = "账号框_删除@2x.png"; sourceTree = "<group>"; };
		6793A24121B75EF300E0A641 /* float30 */ = {isa = PBXFileReference; lastKnownFileType = folder; path = float30; sourceTree = "<group>"; };
		6793A24221B75EF300E0A641 /* kl_reisterphone.png */ = {isa = PBXFileReference; lastKnownFileType = image.png; path = kl_reisterphone.png; sourceTree = "<group>"; };
		6793A24321B75EF300E0A641 /* temp30 */ = {isa = PBXFileReference; lastKnownFileType = folder; path = temp30; sourceTree = "<group>"; };
		6793A24421B75EF300E0A641 /* bg.png */ = {isa = PBXFileReference; lastKnownFileType = image.png; path = bg.png; sourceTree = "<group>"; };
		6793A24521B75EF300E0A641 /* button_sel_default@3x.png */ = {isa = PBXFileReference; lastKnownFileType = image.png; path = "button_sel_default@3x.png"; sourceTree = "<group>"; };
		6793A24621B75EF300E0A641 /* kl_bar.png */ = {isa = PBXFileReference; lastKnownFileType = image.png; path = kl_bar.png; sourceTree = "<group>"; };
		6793A25E21B7612100E0A641 /* bundleInfo.plist */ = {isa = PBXFileReference; fileEncoding = 4; lastKnownFileType = text.plist.xml; path = bundleInfo.plist; sourceTree = "<group>"; };
		6793A26621B7821900E0A641 /* BaseView.xib */ = {isa = PBXFileReference; lastKnownFileType = file.xib; path = BaseView.xib; sourceTree = "<group>"; };
		67DFADD921B8C4D9009E0C92 /* BaseViewController.h */ = {isa = PBXFileReference; lastKnownFileType = sourcecode.c.h; path = BaseViewController.h; sourceTree = "<group>"; };
		67DFADDA21B8C4D9009E0C92 /* BaseViewController.m */ = {isa = PBXFileReference; lastKnownFileType = sourcecode.c.objc; path = BaseViewController.m; sourceTree = "<group>"; };
		67F6331721B6DB8900395266 /* login.png */ = {isa = PBXFileReference; lastKnownFileType = image.png; path = login.png; sourceTree = "<group>"; };
		67F6332521B8190900395266 /* TitleView.xib */ = {isa = PBXFileReference; lastKnownFileType = file.xib; path = TitleView.xib; sourceTree = "<group>"; };
		67F6332721B8233200395266 /* 平台@3x.png */ = {isa = PBXFileReference; lastKnownFileType = image.png; name = "平台@3x.png"; path = "float30/平台@3x.png"; sourceTree = "<group>"; };
		67F6332821B8233300395266 /* 客服点击@3x.png */ = {isa = PBXFileReference; lastKnownFileType = image.png; name = "客服点击@3x.png"; path = "float30/客服点击@3x.png"; sourceTree = "<group>"; };
		67F6332921B8233300395266 /* 背景4X4.png */ = {isa = PBXFileReference; lastKnownFileType = image.png; path = "背景4X4.png"; sourceTree = "<group>"; };
		67F6332A21B8233300395266 /* 个人中心@2x.png */ = {isa = PBXFileReference; lastKnownFileType = image.png; name = "个人中心@2x.png"; path = "float30/个人中心@2x.png"; sourceTree = "<group>"; };
		67F6332B21B8233300395266 /* 平台点击@3x.png */ = {isa = PBXFileReference; lastKnownFileType = image.png; name = "平台点击@3x.png"; path = "float30/平台点击@3x.png"; sourceTree = "<group>"; };
		67F6332C21B8233300395266 /* 攻略点击@2x.png */ = {isa = PBXFileReference; lastKnownFileType = image.png; name = "攻略点击@2x.png"; path = "float30/攻略点击@2x.png"; sourceTree = "<group>"; };
		67F6332D21B8233300395266 /* 浮标@3x.png */ = {isa = PBXFileReference; lastKnownFileType = image.png; name = "浮标@3x.png"; path = "float30/浮标@3x.png"; sourceTree = "<group>"; };
		67F6332E21B8233300395266 /* 攻略@2x.png */ = {isa = PBXFileReference; lastKnownFileType = image.png; name = "攻略@2x.png"; path = "float30/攻略@2x.png"; sourceTree = "<group>"; };
		67F6332F21B8233300395266 /* 隐藏@2x.png */ = {isa = PBXFileReference; lastKnownFileType = image.png; name = "隐藏@2x.png"; path = "float30/隐藏@2x.png"; sourceTree = "<group>"; };
		67F6333021B8233300395266 /* 个人中心点击@3x.png */ = {isa = PBXFileReference; lastKnownFileType = image.png; name = "个人中心点击@3x.png"; path = "float30/个人中心点击@3x.png"; sourceTree = "<group>"; };
		67F6333121B8233300395266 /* 分割线@3x.png */ = {isa = PBXFileReference; lastKnownFileType = image.png; name = "分割线@3x.png"; path = "float30/分割线@3x.png"; sourceTree = "<group>"; };
		67F6333221B8233400395266 /* 攻略点击@3x.png */ = {isa = PBXFileReference; lastKnownFileType = image.png; name = "攻略点击@3x.png"; path = "float30/攻略点击@3x.png"; sourceTree = "<group>"; };
		67F6333321B8233400395266 /* 攻略@3x.png */ = {isa = PBXFileReference; lastKnownFileType = image.png; name = "攻略@3x.png"; path = "float30/攻略@3x.png"; sourceTree = "<group>"; };
		67F6333421B8233400395266 /* 隐藏点击@2x.png */ = {isa = PBXFileReference; lastKnownFileType = image.png; name = "隐藏点击@2x.png"; path = "float30/隐藏点击@2x.png"; sourceTree = "<group>"; };
		67F6333521B8233400395266 /* 平台点击@2x.png */ = {isa = PBXFileReference; lastKnownFileType = image.png; name = "平台点击@2x.png"; path = "float30/平台点击@2x.png"; sourceTree = "<group>"; };
		67F6333621B8233400395266 /* 隐藏点击@3x.png */ = {isa = PBXFileReference; lastKnownFileType = image.png; name = "隐藏点击@3x.png"; path = "float30/隐藏点击@3x.png"; sourceTree = "<group>"; };
		67F6333721B8233400395266 /* 浮标拖动@2x.png */ = {isa = PBXFileReference; lastKnownFileType = image.png; name = "浮标拖动@2x.png"; path = "float30/浮标拖动@2x.png"; sourceTree = "<group>"; };
		67F6333821B8233400395266 /* 客服@3x.png */ = {isa = PBXFileReference; lastKnownFileType = image.png; name = "客服@3x.png"; path = "float30/客服@3x.png"; sourceTree = "<group>"; };
		67F6333921B8233400395266 /* 客服@2x.png */ = {isa = PBXFileReference; lastKnownFileType = image.png; name = "客服@2x.png"; path = "float30/客服@2x.png"; sourceTree = "<group>"; };
		67F6333A21B8233400395266 /* 分割线@2x.png */ = {isa = PBXFileReference; lastKnownFileType = image.png; name = "分割线@2x.png"; path = "float30/分割线@2x.png"; sourceTree = "<group>"; };
		67F6333B21B8233500395266 /* 浮标拖动@3x.png */ = {isa = PBXFileReference; lastKnownFileType = image.png; name = "浮标拖动@3x.png"; path = "float30/浮标拖动@3x.png"; sourceTree = "<group>"; };
		67F6333C21B8233500395266 /* 个人中心点击@2x.png */ = {isa = PBXFileReference; lastKnownFileType = image.png; name = "个人中心点击@2x.png"; path = "float30/个人中心点击@2x.png"; sourceTree = "<group>"; };
		67F6333D21B8233500395266 /* 个人中心@3x.png */ = {isa = PBXFileReference; lastKnownFileType = image.png; name = "个人中心@3x.png"; path = "float30/个人中心@3x.png"; sourceTree = "<group>"; };
		67F6333E21B8233500395266 /* 平台@2x.png */ = {isa = PBXFileReference; lastKnownFileType = image.png; name = "平台@2x.png"; path = "float30/平台@2x.png"; sourceTree = "<group>"; };
		67F6333F21B8233500395266 /* 浮标@2x.png */ = {isa = PBXFileReference; lastKnownFileType = image.png; name = "浮标@2x.png"; path = "float30/浮标@2x.png"; sourceTree = "<group>"; };
		67F6334021B8233500395266 /* 客服点击@2x.png */ = {isa = PBXFileReference; lastKnownFileType = image.png; name = "客服点击@2x.png"; path = "float30/客服点击@2x.png"; sourceTree = "<group>"; };
		67F6334121B8233500395266 /* 隐藏@3x.png */ = {isa = PBXFileReference; lastKnownFileType = image.png; name = "隐藏@3x.png"; path = "float30/隐藏@3x.png"; sourceTree = "<group>"; };
		67F6335D21B8268400395266 /* 时间@2x.png */ = {isa = PBXFileReference; lastKnownFileType = image.png; name = "时间@2x.png"; path = "temp30/时间@2x.png"; sourceTree = "<group>"; };
		67F6335E21B8268400395266 /* 实名验证@2x.png */ = {isa = PBXFileReference; lastKnownFileType = image.png; name = "实名验证@2x.png"; path = "temp30/实名验证@2x.png"; sourceTree = "<group>"; };
		67F6335F21B8268400395266 /* 微信@3x.png */ = {isa = PBXFileReference; lastKnownFileType = image.png; name = "微信@3x.png"; path = "temp30/微信@3x.png"; sourceTree = "<group>"; };
		67F6336021B8268400395266 /* 常见问题@2x.png */ = {isa = PBXFileReference; lastKnownFileType = image.png; name = "常见问题@2x.png"; path = "temp30/常见问题@2x.png"; sourceTree = "<group>"; };
		67F6336121B8268400395266 /* 键盘@2x.png */ = {isa = PBXFileReference; lastKnownFileType = image.png; name = "键盘@2x.png"; path = "temp30/键盘@2x.png"; sourceTree = "<group>"; };
		67F6336221B8268400395266 /* 关闭@2x.png */ = {isa = PBXFileReference; lastKnownFileType = image.png; name = "关闭@2x.png"; path = "temp30/关闭@2x.png"; sourceTree = "<group>"; };
		67F6336321B8268400395266 /* 实名验证@3x.png */ = {isa = PBXFileReference; lastKnownFileType = image.png; name = "实名验证@3x.png"; path = "temp30/实名验证@3x.png"; sourceTree = "<group>"; };
		67F6336421B8268400395266 /* 使用许可@3x.png */ = {isa = PBXFileReference; lastKnownFileType = image.png; name = "使用许可@3x.png"; path = "temp30/使用许可@3x.png"; sourceTree = "<group>"; };
		67F6336521B8268500395266 /* 找回秘密@3x.png */ = {isa = PBXFileReference; lastKnownFileType = image.png; name = "找回秘密@3x.png"; path = "temp30/找回秘密@3x.png"; sourceTree = "<group>"; };
		67F6336621B8268500395266 /* 按钮@3x.png */ = {isa = PBXFileReference; lastKnownFileType = image.png; name = "按钮@3x.png"; path = "temp30/按钮@3x.png"; sourceTree = "<group>"; };
		67F6336721B8268500395266 /* 手机@3x.png */ = {isa = PBXFileReference; lastKnownFileType = image.png; name = "手机@3x.png"; path = "temp30/手机@3x.png"; sourceTree = "<group>"; };
		67F6336821B8268500395266 /* 边框@3x.png */ = {isa = PBXFileReference; lastKnownFileType = image.png; name = "边框@3x.png"; path = "temp30/边框@3x.png"; sourceTree = "<group>"; };
		67F6336921B8268500395266 /* 下拉@2x.png */ = {isa = PBXFileReference; lastKnownFileType = image.png; name = "下拉@2x.png"; path = "temp30/下拉@2x.png"; sourceTree = "<group>"; };
		67F6336A21B8268500395266 /* 关闭@3x.png */ = {isa = PBXFileReference; lastKnownFileType = image.png; name = "关闭@3x.png"; path = "temp30/关闭@3x.png"; sourceTree = "<group>"; };
		67F6336B21B8268500395266 /* 游客登录@2x.png */ = {isa = PBXFileReference; lastKnownFileType = image.png; name = "游客登录@2x.png"; path = "temp30/游客登录@2x.png"; sourceTree = "<group>"; };
		67F6336C21B8268500395266 /* 电话@3x.png */ = {isa = PBXFileReference; lastKnownFileType = image.png; name = "电话@3x.png"; path = "temp30/电话@3x.png"; sourceTree = "<group>"; };
		67F6336D21B8268600395266 /* 修改密码@2x.png */ = {isa = PBXFileReference; lastKnownFileType = image.png; name = "修改密码@2x.png"; path = "temp30/修改密码@2x.png"; sourceTree = "<group>"; };
		67F6336E21B8268600395266 /* 用户隐私@3x.png */ = {isa = PBXFileReference; lastKnownFileType = image.png; name = "用户隐私@3x.png"; path = "temp30/用户隐私@3x.png"; sourceTree = "<group>"; };
		67F6336F21B8268600395266 /* 用户@2x.png */ = {isa = PBXFileReference; lastKnownFileType = image.png; name = "用户@2x.png"; path = "temp30/用户@2x.png"; sourceTree = "<group>"; };
		67F6337021B8268600395266 /* 键盘@3x.png */ = {isa = PBXFileReference; lastKnownFileType = image.png; name = "键盘@3x.png"; path = "temp30/键盘@3x.png"; sourceTree = "<group>"; };
		67F6337121B8268600395266 /* 账号登录@2x.png */ = {isa = PBXFileReference; lastKnownFileType = image.png; name = "账号登录@2x.png"; path = "temp30/账号登录@2x.png"; sourceTree = "<group>"; };
		67F6337221B8268600395266 /* 闭眼@3x.png */ = {isa = PBXFileReference; lastKnownFileType = image.png; name = "闭眼@3x.png"; path = "temp30/闭眼@3x.png"; sourceTree = "<group>"; };
		67F6337321B8268600395266 /* 输入框@3x.png */ = {isa = PBXFileReference; lastKnownFileType = image.png; name = "输入框@3x.png"; path = "temp30/输入框@3x.png"; sourceTree = "<group>"; };
		67F6337421B8268600395266 /* 电话@2x.png */ = {isa = PBXFileReference; lastKnownFileType = image.png; name = "电话@2x.png"; path = "temp30/电话@2x.png"; sourceTree = "<group>"; };
		67F6337521B8268600395266 /* 边框@2x.png */ = {isa = PBXFileReference; lastKnownFileType = image.png; name = "边框@2x.png"; path = "temp30/边框@2x.png"; sourceTree = "<group>"; };
		67F6337621B8268700395266 /* 输入框@2x.png */ = {isa = PBXFileReference; lastKnownFileType = image.png; name = "输入框@2x.png"; path = "temp30/输入框@2x.png"; sourceTree = "<group>"; };
		67F6337721B8268700395266 /* 使用许可@2x.png */ = {isa = PBXFileReference; lastKnownFileType = image.png; name = "使用许可@2x.png"; path = "temp30/使用许可@2x.png"; sourceTree = "<group>"; };
		67F6337821B8268700395266 /* 问号@2x.png */ = {isa = PBXFileReference; lastKnownFileType = image.png; name = "问号@2x.png"; path = "temp30/问号@2x.png"; sourceTree = "<group>"; };
		67F6337921B8268700395266 /* 用户@3x.png */ = {isa = PBXFileReference; lastKnownFileType = image.png; name = "用户@3x.png"; path = "temp30/用户@3x.png"; sourceTree = "<group>"; };
		67F6337A21B8268700395266 /* 下拉@3x.png */ = {isa = PBXFileReference; lastKnownFileType = image.png; name = "下拉@3x.png"; path = "temp30/下拉@3x.png"; sourceTree = "<group>"; };
		67F6337B21B8268800395266 /* 按钮@2x.png */ = {isa = PBXFileReference; lastKnownFileType = image.png; name = "按钮@2x.png"; path = "temp30/按钮@2x.png"; sourceTree = "<group>"; };
		67F6337C21B8268800395266 /* 原密码@3x.png */ = {isa = PBXFileReference; lastKnownFileType = image.png; name = "原密码@3x.png"; path = "temp30/原密码@3x.png"; sourceTree = "<group>"; };
		67F6337D21B8268800395266 /* 找回秘密@2x.png */ = {isa = PBXFileReference; lastKnownFileType = image.png; name = "找回秘密@2x.png"; path = "temp30/找回秘密@2x.png"; sourceTree = "<group>"; };
		67F6337E21B8268800395266 /* QQ@3x.png */ = {isa = PBXFileReference; lastKnownFileType = image.png; name = "QQ@3x.png"; path = "temp30/QQ@3x.png"; sourceTree = "<group>"; };
		67F6337F21B8268800395266 /* QQ@2x.png */ = {isa = PBXFileReference; lastKnownFileType = image.png; name = "QQ@2x.png"; path = "temp30/QQ@2x.png"; sourceTree = "<group>"; };
		67F6338021B8268800395266 /* 手机@2x.png */ = {isa = PBXFileReference; lastKnownFileType = image.png; name = "手机@2x.png"; path = "temp30/手机@2x.png"; sourceTree = "<group>"; };
		67F6338121B8268800395266 /* 原密码@2x.png */ = {isa = PBXFileReference; lastKnownFileType = image.png; name = "原密码@2x.png"; path = "temp30/原密码@2x.png"; sourceTree = "<group>"; };
		67F6338221B8268800395266 /* 游客登录@3x.png */ = {isa = PBXFileReference; lastKnownFileType = image.png; name = "游客登录@3x.png"; path = "temp30/游客登录@3x.png"; sourceTree = "<group>"; };
		67F6338321B8268900395266 /* 时间@3x.png */ = {isa = PBXFileReference; lastKnownFileType = image.png; name = "时间@3x.png"; path = "temp30/时间@3x.png"; sourceTree = "<group>"; };
		67F6338421B8268900395266 /* 用户隐私@2x.png */ = {isa = PBXFileReference; lastKnownFileType = image.png; name = "用户隐私@2x.png"; path = "temp30/用户隐私@2x.png"; sourceTree = "<group>"; };
		67F6338521B8268900395266 /* 开眼@3x.png */ = {isa = PBXFileReference; lastKnownFileType = image.png; name = "开眼@3x.png"; path = "temp30/开眼@3x.png"; sourceTree = "<group>"; };
		67F6338621B8268900395266 /* 确认密码@2x.png */ = {isa = PBXFileReference; lastKnownFileType = image.png; name = "确认密码@2x.png"; path = "temp30/确认密码@2x.png"; sourceTree = "<group>"; };
		67F6338721B8268900395266 /* 免费注册@3x.png */ = {isa = PBXFileReference; lastKnownFileType = image.png; name = "免费注册@3x.png"; path = "temp30/免费注册@3x.png"; sourceTree = "<group>"; };
		67F6338821B8268900395266 /* 免费注册@2x.png */ = {isa = PBXFileReference; lastKnownFileType = image.png; name = "免费注册@2x.png"; path = "temp30/免费注册@2x.png"; sourceTree = "<group>"; };
		67F6338921B8268900395266 /* 问号@3x.png */ = {isa = PBXFileReference; lastKnownFileType = image.png; name = "问号@3x.png"; path = "temp30/问号@3x.png"; sourceTree = "<group>"; };
		67F6338A21B8268900395266 /* 确认密码@3x.png */ = {isa = PBXFileReference; lastKnownFileType = image.png; name = "确认密码@3x.png"; path = "temp30/确认密码@3x.png"; sourceTree = "<group>"; };
		67F6338B21B8268A00395266 /* 开眼@2x.png */ = {isa = PBXFileReference; lastKnownFileType = image.png; name = "开眼@2x.png"; path = "temp30/开眼@2x.png"; sourceTree = "<group>"; };
		67F6338C21B8268A00395266 /* 闭眼@2x.png */ = {isa = PBXFileReference; lastKnownFileType = image.png; name = "闭眼@2x.png"; path = "temp30/闭眼@2x.png"; sourceTree = "<group>"; };
		67F6338D21B8268A00395266 /* 账号登录@3x.png */ = {isa = PBXFileReference; lastKnownFileType = image.png; name = "账号登录@3x.png"; path = "temp30/账号登录@3x.png"; sourceTree = "<group>"; };
		67F6338E21B8268A00395266 /* 返回@3x.png */ = {isa = PBXFileReference; lastKnownFileType = image.png; name = "返回@3x.png"; path = "temp30/返回@3x.png"; sourceTree = "<group>"; };
		67F6338F21B8268A00395266 /* 推荐@3x.png */ = {isa = PBXFileReference; lastKnownFileType = image.png; name = "推荐@3x.png"; path = "temp30/推荐@3x.png"; sourceTree = "<group>"; };
		67F6339021B8268A00395266 /* 推荐@2x.png */ = {isa = PBXFileReference; lastKnownFileType = image.png; name = "推荐@2x.png"; path = "temp30/推荐@2x.png"; sourceTree = "<group>"; };
		67F6339121B8268A00395266 /* 微信@2x.png */ = {isa = PBXFileReference; lastKnownFileType = image.png; name = "微信@2x.png"; path = "temp30/微信@2x.png"; sourceTree = "<group>"; };
		67F6339221B8268A00395266 /* 返回@2x.png */ = {isa = PBXFileReference; lastKnownFileType = image.png; name = "返回@2x.png"; path = "temp30/返回@2x.png"; sourceTree = "<group>"; };
		67F6339321B8268B00395266 /* 修改密码@3x.png */ = {isa = PBXFileReference; lastKnownFileType = image.png; name = "修改密码@3x.png"; path = "temp30/修改密码@3x.png"; sourceTree = "<group>"; };
		67F6339421B8268B00395266 /* 常见问题@3x.png */ = {isa = PBXFileReference; lastKnownFileType = image.png; name = "常见问题@3x.png"; path = "temp30/常见问题@3x.png"; sourceTree = "<group>"; };
		6F523C4A52DA65B477BA821C /* Pods-MySDKDemoLib.release.xcconfig */ = {isa = PBXFileReference; includeInIndex = 1; lastKnownFileType = text.xcconfig; name = "Pods-MySDKDemoLib.release.xcconfig"; path = "Pods/Target Support Files/Pods-MySDKDemoLib/Pods-MySDKDemoLib.release.xcconfig"; sourceTree = "<group>"; };
		955E0BB801595395887C1866 /* libPods-MySDKDemoLib.a */ = {isa = PBXFileReference; explicitFileType = archive.ar; includeInIndex = 0; path = "libPods-MySDKDemoLib.a"; sourceTree = BUILT_PRODUCTS_DIR; };
/* End PBXFileReference section */

/* Begin PBXFrameworksBuildPhase section */
		6716F9BF21B6BB3E001720E2 /* Frameworks */ = {
			isa = PBXFrameworksBuildPhase;
			buildActionMask = 2147483647;
			files = (
			);
			runOnlyForDeploymentPostprocessing = 0;
		};
		677BB602217EBFE800C1ED76 /* Frameworks */ = {
			isa = PBXFrameworksBuildPhase;
			buildActionMask = 2147483647;
			files = (
				10E7F132CA908298B228EF8A /* libPods-MySDKDemoLib.a in Frameworks */,
				67DFADD321B8C0D5009E0C92 /* libAFNetworking.a in Frameworks */,
				67DFADD421B8C0D5009E0C92 /* libKSToastView.a in Frameworks */,
				67DFADD521B8C0D5009E0C92 /* libMasonry.a in Frameworks */,
				67DFADD621B8C0D5009E0C92 /* libMJExtension.a in Frameworks */,
				67DFADD721B8C0D5009E0C92 /* libSDWebImage.a in Frameworks */,
				67DFADD821B8C0D5009E0C92 /* libUICKeyChainStore.a in Frameworks */,
			);
			runOnlyForDeploymentPostprocessing = 0;
		};
		67939F9921B531AF00E0A641 /* Frameworks */ = {
			isa = PBXFrameworksBuildPhase;
			buildActionMask = 2147483647;
			files = (
				6716FC1A21B6CD5F001720E2 /* libMySDKDemoLib.a in Frameworks */,
			);
			runOnlyForDeploymentPostprocessing = 0;
		};
/* End PBXFrameworksBuildPhase section */

/* Begin PBXGroup section */
		6716F9C321B6BB3E001720E2 /* SDKBundle */ = {
			isa = PBXGroup;
			children = (
				67F6331721B6DB8900395266 /* login.png */,
				6793A24021B75EF300E0A641 /* 账号框_删除@2x.png */,
				6793A23D21B75EF300E0A641 /* 账号框_删除@3x.png */,
				6793A24421B75EF300E0A641 /* bg.png */,
				6793A26621B7821900E0A641 /* BaseView.xib */,
				67F6332521B8190900395266 /* TitleView.xib */,
				6793A25E21B7612100E0A641 /* bundleInfo.plist */,
				6793A23E21B75EF300E0A641 /* button_sel_default@2x.png */,
				6793A24521B75EF300E0A641 /* button_sel_default@3x.png */,
				6793A24121B75EF300E0A641 /* float30 */,
				67F6333A21B8233400395266 /* 分割线@2x.png */,
				67F6332921B8233300395266 /* 背景4X4.png */,
				67F6333121B8233300395266 /* 分割线@3x.png */,
				67F6333F21B8233500395266 /* 浮标@2x.png */,
				67F6332D21B8233300395266 /* 浮标@3x.png */,
				67F6333721B8233400395266 /* 浮标拖动@2x.png */,
				67F6333B21B8233500395266 /* 浮标拖动@3x.png */,
				67F6332A21B8233300395266 /* 个人中心@2x.png */,
				67F6333D21B8233500395266 /* 个人中心@3x.png */,
				67F6333C21B8233500395266 /* 个人中心点击@2x.png */,
				67F6333021B8233300395266 /* 个人中心点击@3x.png */,
				67F6332E21B8233300395266 /* 攻略@2x.png */,
				67F6333321B8233400395266 /* 攻略@3x.png */,
				67F6332C21B8233300395266 /* 攻略点击@2x.png */,
				67F6333221B8233400395266 /* 攻略点击@3x.png */,
				67F6333921B8233400395266 /* 客服@2x.png */,
				67F6333821B8233400395266 /* 客服@3x.png */,
				67F6334021B8233500395266 /* 客服点击@2x.png */,
				67F6332821B8233300395266 /* 客服点击@3x.png */,
				67F6333E21B8233500395266 /* 平台@2x.png */,
				67F6332721B8233200395266 /* 平台@3x.png */,
				67F6333521B8233400395266 /* 平台点击@2x.png */,
				67F6332B21B8233300395266 /* 平台点击@3x.png */,
				67F6332F21B8233300395266 /* 隐藏@2x.png */,
				67F6334121B8233500395266 /* 隐藏@3x.png */,
				67F6333421B8233400395266 /* 隐藏点击@2x.png */,
				67F6333621B8233400395266 /* 隐藏点击@3x.png */,
				6793A24621B75EF300E0A641 /* kl_bar.png */,
				6793A23C21B75EF200E0A641 /* kl_checkbox.png */,
				6793A24221B75EF300E0A641 /* kl_reisterphone.png */,
				6793A23F21B75EF300E0A641 /* Root.plist */,
				6793A24321B75EF300E0A641 /* temp30 */,
				67F6337B21B8268800395266 /* 按钮@2x.png */,
				67F6336621B8268500395266 /* 按钮@3x.png */,
				67F6338C21B8268A00395266 /* 闭眼@2x.png */,
				67F6337221B8268600395266 /* 闭眼@3x.png */,
				67F6337521B8268600395266 /* 边框@2x.png */,
				67F6336821B8268500395266 /* 边框@3x.png */,
				67F6336021B8268400395266 /* 常见问题@2x.png */,
				67F6339421B8268B00395266 /* 常见问题@3x.png */,
				67F6337421B8268600395266 /* 电话@2x.png */,
				67F6336C21B8268500395266 /* 电话@3x.png */,
				67F6339221B8268A00395266 /* 返回@2x.png */,
				67F6338E21B8268A00395266 /* 返回@3x.png */,
				67F6336221B8268400395266 /* 关闭@2x.png */,
				67F6336A21B8268500395266 /* 关闭@3x.png */,
				67F6336121B8268400395266 /* 键盘@2x.png */,
				67F6337021B8268600395266 /* 键盘@3x.png */,
				67F6338B21B8268A00395266 /* 开眼@2x.png */,
				67F6338521B8268900395266 /* 开眼@3x.png */,
				67F6338821B8268900395266 /* 免费注册@2x.png */,
				67F6338721B8268900395266 /* 免费注册@3x.png */,
				67F6338621B8268900395266 /* 确认密码@2x.png */,
				67F6338A21B8268900395266 /* 确认密码@3x.png */,
				67F6335D21B8268400395266 /* 时间@2x.png */,
				67F6338321B8268900395266 /* 时间@3x.png */,
				67F6335E21B8268400395266 /* 实名验证@2x.png */,
				67F6336321B8268400395266 /* 实名验证@3x.png */,
				67F6337721B8268700395266 /* 使用许可@2x.png */,
				67F6336421B8268400395266 /* 使用许可@3x.png */,
				67F6338021B8268800395266 /* 手机@2x.png */,
				67F6336721B8268500395266 /* 手机@3x.png */,
				67F6337621B8268700395266 /* 输入框@2x.png */,
				67F6337321B8268600395266 /* 输入框@3x.png */,
				67F6339021B8268A00395266 /* 推荐@2x.png */,
				67F6338F21B8268A00395266 /* 推荐@3x.png */,
				67F6339121B8268A00395266 /* 微信@2x.png */,
				67F6335F21B8268400395266 /* 微信@3x.png */,
				67F6337821B8268700395266 /* 问号@2x.png */,
				67F6338921B8268900395266 /* 问号@3x.png */,
				67F6336921B8268500395266 /* 下拉@2x.png */,
				67F6337A21B8268700395266 /* 下拉@3x.png */,
				67F6336D21B8268600395266 /* 修改密码@2x.png */,
				67F6339321B8268B00395266 /* 修改密码@3x.png */,
				67F6336F21B8268600395266 /* 用户@2x.png */,
				67F6337921B8268700395266 /* 用户@3x.png */,
				67F6338421B8268900395266 /* 用户隐私@2x.png */,
				67F6336E21B8268600395266 /* 用户隐私@3x.png */,
				67F6336B21B8268500395266 /* 游客登录@2x.png */,
				67F6338221B8268800395266 /* 游客登录@3x.png */,
				67F6338121B8268800395266 /* 原密码@2x.png */,
				67F6337C21B8268800395266 /* 原密码@3x.png */,
				67F6337121B8268600395266 /* 账号登录@2x.png */,
				67F6338D21B8268A00395266 /* 账号登录@3x.png */,
				67F6337D21B8268800395266 /* 找回秘密@2x.png */,
				67F6336521B8268500395266 /* 找回秘密@3x.png */,
				67F6337F21B8268800395266 /* QQ@2x.png */,
				67F6337E21B8268800395266 /* QQ@3x.png */,
			);
			path = SDKBundle;
			sourceTree = "<group>";
		};
		677BB5FC217EBFE800C1ED76 = {
			isa = PBXGroup;
			children = (
				677BB607217EBFE800C1ED76 /* MySDKDemoLib */,
				67939F9D21B531AF00E0A641 /* MyGameTest */,
				6716F9C321B6BB3E001720E2 /* SDKBundle */,
				677BB606217EBFE800C1ED76 /* Products */,
				C8211CFA13158CAC8B346991 /* Pods */,
				9CC5C67F71A4C6EC09E502F6 /* Frameworks */,
			);
			sourceTree = "<group>";
		};
		677BB606217EBFE800C1ED76 /* Products */ = {
			isa = PBXGroup;
			children = (
				677BB605217EBFE800C1ED76 /* libMySDKDemoLib.a */,
				67939F9C21B531AF00E0A641 /* MyGameTest.app */,
				6716F9C221B6BB3E001720E2 /* SDKBundle.bundle */,
			);
			name = Products;
			sourceTree = "<group>";
		};
		677BB607217EBFE800C1ED76 /* MySDKDemoLib */ = {
			isa = PBXGroup;
			children = (
				677BB608217EBFE800C1ED76 /* MySDKDemoLib.h */,
				677BB609217EBFE800C1ED76 /* MySDKDemoLib.m */,
				67DFADD921B8C4D9009E0C92 /* BaseViewController.h */,
				67DFADDA21B8C4D9009E0C92 /* BaseViewController.m */,
				677BB636217EC6D200C1ED76 /* Common */,
				677BB651217EC6D300C1ED76 /* Init */,
				677BB62B217EC6D200C1ED76 /* Login */,
			);
			path = MySDKDemoLib;
			sourceTree = "<group>";
		};
		677BB62B217EC6D200C1ED76 /* Login */ = {
			isa = PBXGroup;
			children = (
				677BB62C217EC6D200C1ED76 /* Controller */,
				677BB62F217EC6D200C1ED76 /* Model */,
				677BB632217EC6D200C1ED76 /* View */,
			);
			path = Login;
			sourceTree = "<group>";
		};
		677BB62C217EC6D200C1ED76 /* Controller */ = {
			isa = PBXGroup;
			children = (
				677BB62E217EC6D200C1ED76 /* SDKLoginController.h */,
				677BB62D217EC6D200C1ED76 /* SDKLoginController.m */,
			);
			path = Controller;
			sourceTree = "<group>";
		};
		677BB62F217EC6D200C1ED76 /* Model */ = {
			isa = PBXGroup;
			children = (
				677BB630217EC6D200C1ED76 /* ParamsRegLogOn.h */,
				677BB631217EC6D200C1ED76 /* ParamsRegLogOn.m */,
			);
			path = Model;
			sourceTree = "<group>";
		};
		677BB632217EC6D200C1ED76 /* View */ = {
			isa = PBXGroup;
			children = (
			);
			path = View;
			sourceTree = "<group>";
		};
		677BB636217EC6D200C1ED76 /* Common */ = {
			isa = PBXGroup;
			children = (
				677BB637217EC6D200C1ED76 /* GlobalDefine.pch */,
				677BB638217EC6D200C1ED76 /* Tools */,
				677BB648217EC6D200C1ED76 /* GlobalDefine */,
				677BB64A217EC6D200C1ED76 /* APICommonParams.m */,
				677BB64B217EC6D200C1ED76 /* Logo */,
				677BB650217EC6D200C1ED76 /* APICommonParams.h */,
			);
			path = Common;
			sourceTree = "<group>";
		};
		677BB638217EC6D200C1ED76 /* Tools */ = {
			isa = PBXGroup;
			children = (
				677BB639217EC6D200C1ED76 /* Toast */,
				677BB63C217EC6D200C1ED76 /* NetWork */,
				677BB643217EC6D200C1ED76 /* NSString */,
			);
			path = Tools;
			sourceTree = "<group>";
		};
		677BB639217EC6D200C1ED76 /* Toast */ = {
			isa = PBXGroup;
			children = (
				677BB63A217EC6D200C1ED76 /* MyToast.h */,
				677BB63B217EC6D200C1ED76 /* MyToast.m */,
			);
			path = Toast;
			sourceTree = "<group>";
		};
		677BB63C217EC6D200C1ED76 /* NetWork */ = {
			isa = PBXGroup;
			children = (
				677BB63D217EC6D200C1ED76 /* Controller */,
				677BB640217EC6D200C1ED76 /* Model */,
			);
			path = NetWork;
			sourceTree = "<group>";
		};
		677BB63D217EC6D200C1ED76 /* Controller */ = {
			isa = PBXGroup;
			children = (
				677BB63E217EC6D200C1ED76 /* MySDKNetWorkController.h */,
				677BB63F217EC6D200C1ED76 /* MySDKNetWorkController.m */,
			);
			path = Controller;
			sourceTree = "<group>";
		};
		677BB640217EC6D200C1ED76 /* Model */ = {
			isa = PBXGroup;
			children = (
				677BB641217EC6D200C1ED76 /* NetWorkRespondModel.m */,
				677BB642217EC6D200C1ED76 /* NetWorkRespondModel.h */,
			);
			path = Model;
			sourceTree = "<group>";
		};
		677BB643217EC6D200C1ED76 /* NSString */ = {
			isa = PBXGroup;
			children = (
				677BB644217EC6D200C1ED76 /* NSString+Sign.m */,
				677BB645217EC6D200C1ED76 /* NSString+UniqueStrings.h */,
				677BB646217EC6D200C1ED76 /* NSString+Sign.h */,
				677BB647217EC6D200C1ED76 /* NSString+UniqueStrings.m */,
			);
			path = NSString;
			sourceTree = "<group>";
		};
		677BB648217EC6D200C1ED76 /* GlobalDefine */ = {
			isa = PBXGroup;
			children = (
				677BB649217EC6D200C1ED76 /* KKDebug.h */,
			);
			path = GlobalDefine;
			sourceTree = "<group>";
		};
		677BB64B217EC6D200C1ED76 /* Logo */ = {
			isa = PBXGroup;
			children = (
				677BB64C217EC6D200C1ED76 /* View */,
			);
			path = Logo;
			sourceTree = "<group>";
		};
		677BB64C217EC6D200C1ED76 /* View */ = {
			isa = PBXGroup;
			children = (
				677BB64D217EC6D200C1ED76 /* LogoView.xib */,
				677BB64E217EC6D200C1ED76 /* LogoView.h */,
				677BB64F217EC6D200C1ED76 /* LogoView.m */,
			);
			path = View;
			sourceTree = "<group>";
		};
		677BB651217EC6D300C1ED76 /* Init */ = {
			isa = PBXGroup;
			children = (
				677BB652217EC6D300C1ED76 /* Controller */,
				677BB655217EC6D300C1ED76 /* Model */,
			);
			path = Init;
			sourceTree = "<group>";
		};
		677BB652217EC6D300C1ED76 /* Controller */ = {
			isa = PBXGroup;
			children = (
				677BB653217EC6D300C1ED76 /* MySDKInitController.h */,
				677BB654217EC6D300C1ED76 /* MySDKInitController.m */,
			);
			path = Controller;
			sourceTree = "<group>";
		};
		677BB655217EC6D300C1ED76 /* Model */ = {
			isa = PBXGroup;
			children = (
				677BB656217EC6D300C1ED76 /* MySDKConfig.m */,
				677BB657217EC6D300C1ED76 /* MySDKInitData.m */,
				677BB658217EC6D300C1ED76 /* MySDKConfig.h */,
				677BB659217EC6D300C1ED76 /* MySDKInitData.h */,
			);
			path = Model;
			sourceTree = "<group>";
		};
		67939F9D21B531AF00E0A641 /* MyGameTest */ = {
			isa = PBXGroup;
			children = (
				67939F9E21B531AF00E0A641 /* AppDelegate.h */,
				67939F9F21B531AF00E0A641 /* AppDelegate.m */,
				67939FA121B531B000E0A641 /* GameScene.sks */,
				67939FA321B531B000E0A641 /* Actions.sks */,
				67939FA521B531B000E0A641 /* GameScene.h */,
				67939FA621B531B000E0A641 /* GameScene.m */,
				67939FA821B531B000E0A641 /* GameViewController.h */,
				67939FA921B531B000E0A641 /* GameViewController.m */,
				67939FAB21B531B000E0A641 /* Main.storyboard */,
				67939FAE21B531B200E0A641 /* Assets.xcassets */,
				67939FB021B531B200E0A641 /* LaunchScreen.storyboard */,
				67939FB321B531B200E0A641 /* Info.plist */,
				67939FB421B531B200E0A641 /* main.m */,
			);
			path = MyGameTest;
			sourceTree = "<group>";
		};
		9CC5C67F71A4C6EC09E502F6 /* Frameworks */ = {
			isa = PBXGroup;
			children = (
				670A4B55217F12A100FBE7C3 /* libAFNetworking.a */,
				670A4B57217F12A100FBE7C3 /* libKSToastView.a */,
				6716FC1021B6CBCA001720E2 /* libAFNetworking.a */,
				6716FC1121B6CBCA001720E2 /* libKSToastView.a */,
				670A4B58217F12A100FBE7C3 /* libMasonry.a */,
				6716FC0E21B6CBCA001720E2 /* libMasonry.a */,
				670A4B56217F12A100FBE7C3 /* libMJExtension.a */,
				670A4B54217F12A100FBE7C3 /* libSDWebImage.a */,
				6716FC1221B6CBCA001720E2 /* libSDWebImage.a */,
				670A4B59217F12A100FBE7C3 /* libUICKeyChainStore.a */,
				6716FC0D21B6CBCA001720E2 /* libMJExtension.a */,
				6716FC0F21B6CBCA001720E2 /* libUICKeyChainStore.a */,
				955E0BB801595395887C1866 /* libPods-MySDKDemoLib.a */,
			);
			name = Frameworks;
			sourceTree = "<group>";
		};
		C8211CFA13158CAC8B346991 /* Pods */ = {
			isa = PBXGroup;
			children = (
				16DCDF932DEA97C0F2D75EA4 /* Pods-MySDKDemoLib.debug.xcconfig */,
				6F523C4A52DA65B477BA821C /* Pods-MySDKDemoLib.release.xcconfig */,
			);
			name = Pods;
			sourceTree = "<group>";
		};
/* End PBXGroup section */

/* Begin PBXNativeTarget section */
		6716F9C121B6BB3E001720E2 /* SDKBundle */ = {
			isa = PBXNativeTarget;
			buildConfigurationList = 6716F9C521B6BB3E001720E2 /* Build configuration list for PBXNativeTarget "SDKBundle" */;
			buildPhases = (
				6716F9BE21B6BB3E001720E2 /* Sources */,
				6716F9BF21B6BB3E001720E2 /* Frameworks */,
				6716F9C021B6BB3E001720E2 /* Resources */,
			);
			buildRules = (
			);
			dependencies = (
			);
			name = SDKBundle;
			productName = SDKBundle;
			productReference = 6716F9C221B6BB3E001720E2 /* SDKBundle.bundle */;
			productType = "com.apple.product-type.bundle";
		};
		677BB604217EBFE800C1ED76 /* MySDKDemoLib */ = {
			isa = PBXNativeTarget;
			buildConfigurationList = 677BB60E217EBFE800C1ED76 /* Build configuration list for PBXNativeTarget "MySDKDemoLib" */;
			buildPhases = (
				48EB2F919560CE9F188E7689 /* [CP] Check Pods Manifest.lock */,
				677BB601217EBFE800C1ED76 /* Sources */,
				677BB602217EBFE800C1ED76 /* Frameworks */,
				677BB603217EBFE800C1ED76 /* Copy Files (2 items) */,
				6716FC0721B6C0A5001720E2 /* Resources */,
			);
			buildRules = (
			);
			dependencies = (
			);
			name = MySDKDemoLib;
			productName = MySDKDemoLib;
			productReference = 677BB605217EBFE800C1ED76 /* libMySDKDemoLib.a */;
			productType = "com.apple.product-type.library.static";
		};
		67939F9B21B531AF00E0A641 /* MyGameTest */ = {
			isa = PBXNativeTarget;
			buildConfigurationList = 67939FB621B531B200E0A641 /* Build configuration list for PBXNativeTarget "MyGameTest" */;
			buildPhases = (
				67939F9821B531AF00E0A641 /* Sources */,
				67939F9921B531AF00E0A641 /* Frameworks */,
				67939F9A21B531AF00E0A641 /* Resources */,
			);
			buildRules = (
			);
			dependencies = (
			);
			name = MyGameTest;
			productName = MyGameTest;
			productReference = 67939F9C21B531AF00E0A641 /* MyGameTest.app */;
			productType = "com.apple.product-type.application";
		};
/* End PBXNativeTarget section */

/* Begin PBXProject section */
		677BB5FD217EBFE800C1ED76 /* Project object */ = {
			isa = PBXProject;
			attributes = {
				LastUpgradeCheck = 1000;
				ORGANIZATIONNAME = "李一贤";
				TargetAttributes = {
					6716F9C121B6BB3E001720E2 = {
						CreatedOnToolsVersion = 10.1;
					};
					677BB604217EBFE800C1ED76 = {
						CreatedOnToolsVersion = 10.0;
					};
					67939F9B21B531AF00E0A641 = {
						CreatedOnToolsVersion = 10.1;
					};
				};
			};
			buildConfigurationList = 677BB600217EBFE800C1ED76 /* Build configuration list for PBXProject "MySDKDemoLib" */;
			compatibilityVersion = "Xcode 9.3";
			developmentRegion = en;
			hasScannedForEncodings = 0;
			knownRegions = (
				en,
				Base,
			);
			mainGroup = 677BB5FC217EBFE800C1ED76;
			productRefGroup = 677BB606217EBFE800C1ED76 /* Products */;
			projectDirPath = "";
			projectRoot = "";
			targets = (
				677BB604217EBFE800C1ED76 /* MySDKDemoLib */,
				67939F9B21B531AF00E0A641 /* MyGameTest */,
				6716F9C121B6BB3E001720E2 /* SDKBundle */,
			);
		};
/* End PBXProject section */

/* Begin PBXResourcesBuildPhase section */
		6716F9C021B6BB3E001720E2 /* Resources */ = {
			isa = PBXResourcesBuildPhase;
			buildActionMask = 2147483647;
			files = (
				67F633B721B8268B00395266 /* QQ@2x.png in Resources */,
				67F633B421B8268B00395266 /* 原密码@3x.png in Resources */,
				67F633B921B8268B00395266 /* 原密码@2x.png in Resources */,
				67F633AC21B8268B00395266 /* 电话@2x.png in Resources */,
				67F6335621B8233500395266 /* 浮标拖动@3x.png in Resources */,
				67F6334621B8233500395266 /* 平台点击@3x.png in Resources */,
				67F6335521B8233500395266 /* 分割线@2x.png in Resources */,
				67F633A821B8268B00395266 /* 键盘@3x.png in Resources */,
				67F6339921B8268B00395266 /* 键盘@2x.png in Resources */,
				67F633A121B8268B00395266 /* 下拉@2x.png in Resources */,
				67F633CB21B8268B00395266 /* 修改密码@3x.png in Resources */,
				67F633BD21B8268B00395266 /* 开眼@3x.png in Resources */,
				67F633BF21B8268B00395266 /* 免费注册@3x.png in Resources */,
				67F633A021B8268B00395266 /* 边框@3x.png in Resources */,
				67F6334521B8233500395266 /* 个人中心@2x.png in Resources */,
				6793A25121B75EF400E0A641 /* kl_bar.png in Resources */,
				67F6334321B8233500395266 /* 客服点击@3x.png in Resources */,
				67F633B221B8268B00395266 /* 下拉@3x.png in Resources */,
				6793A24C21B75EF400E0A641 /* float30 in Resources */,
				6793A24D21B75EF400E0A641 /* kl_reisterphone.png in Resources */,
				67F6334821B8233500395266 /* 浮标@3x.png in Resources */,
				67F633C721B8268B00395266 /* 推荐@3x.png in Resources */,
				67F633A321B8268B00395266 /* 游客登录@2x.png in Resources */,
				6793A25021B75EF400E0A641 /* button_sel_default@3x.png in Resources */,
				67F6331821B6DB8900395266 /* login.png in Resources */,
				67F633CA21B8268B00395266 /* 返回@2x.png in Resources */,
				67F633AA21B8268B00395266 /* 闭眼@3x.png in Resources */,
				67F633BC21B8268B00395266 /* 用户隐私@2x.png in Resources */,
				67F633C321B8268B00395266 /* 开眼@2x.png in Resources */,
				67F6339721B8268B00395266 /* 微信@3x.png in Resources */,
				6793A24821B75EF400E0A641 /* 账号框_删除@3x.png in Resources */,
				67F633BB21B8268B00395266 /* 时间@3x.png in Resources */,
				67F633B121B8268B00395266 /* 用户@3x.png in Resources */,
				67F633A521B8268B00395266 /* 修改密码@2x.png in Resources */,
				67F633CC21B8268B00395266 /* 常见问题@3x.png in Resources */,
				67F6339621B8268B00395266 /* 实名验证@2x.png in Resources */,
				6793A24921B75EF400E0A641 /* button_sel_default@2x.png in Resources */,
				67F6334E21B8233500395266 /* 攻略@3x.png in Resources */,
				67F6334F21B8233500395266 /* 隐藏点击@2x.png in Resources */,
				67F633BE21B8268B00395266 /* 确认密码@2x.png in Resources */,
				67F6334D21B8233500395266 /* 攻略点击@3x.png in Resources */,
				67F633C621B8268B00395266 /* 返回@3x.png in Resources */,
				67F633A721B8268B00395266 /* 用户@2x.png in Resources */,
				67F633B821B8268B00395266 /* 手机@2x.png in Resources */,
				67F6335121B8233500395266 /* 隐藏点击@3x.png in Resources */,
				67F6335421B8233500395266 /* 客服@2x.png in Resources */,
				67F633B021B8268B00395266 /* 问号@2x.png in Resources */,
				6793A25F21B7612100E0A641 /* bundleInfo.plist in Resources */,
				67F6339A21B8268B00395266 /* 关闭@2x.png in Resources */,
				67F633AD21B8268B00395266 /* 边框@2x.png in Resources */,
				67F6332621B8190900395266 /* TitleView.xib in Resources */,
				67F633B621B8268B00395266 /* QQ@3x.png in Resources */,
				6793A24E21B75EF400E0A641 /* temp30 in Resources */,
				67F6334221B8233500395266 /* 平台@3x.png in Resources */,
				67F633A421B8268B00395266 /* 电话@3x.png in Resources */,
				67F6334C21B8233500395266 /* 分割线@3x.png in Resources */,
				67F633B521B8268B00395266 /* 找回秘密@2x.png in Resources */,
				6793A24721B75EF400E0A641 /* kl_checkbox.png in Resources */,
				67F6335C21B8233500395266 /* 隐藏@3x.png in Resources */,
				67F633C921B8268B00395266 /* 微信@2x.png in Resources */,
				67F6334921B8233500395266 /* 攻略@2x.png in Resources */,
				67F633C021B8268B00395266 /* 免费注册@2x.png in Resources */,
				67F6339521B8268B00395266 /* 时间@2x.png in Resources */,
				67F633C121B8268B00395266 /* 问号@3x.png in Resources */,
				67F6335721B8233500395266 /* 个人中心点击@2x.png in Resources */,
				67F633A921B8268B00395266 /* 账号登录@2x.png in Resources */,
				67F6334421B8233500395266 /* 背景4X4.png in Resources */,
				67F6335A21B8233500395266 /* 浮标@2x.png in Resources */,
				6793A24B21B75EF400E0A641 /* 账号框_删除@2x.png in Resources */,
				67F6335921B8233500395266 /* 平台@2x.png in Resources */,
				67F6339B21B8268B00395266 /* 实名验证@3x.png in Resources */,
				67F633C421B8268B00395266 /* 闭眼@2x.png in Resources */,
				67F633A221B8268B00395266 /* 关闭@3x.png in Resources */,
				6793A24A21B75EF400E0A641 /* Root.plist in Resources */,
				67F633C221B8268B00395266 /* 确认密码@3x.png in Resources */,
				67F6339E21B8268B00395266 /* 按钮@3x.png in Resources */,
				67F6335821B8233500395266 /* 个人中心@3x.png in Resources */,
				6793A24F21B75EF400E0A641 /* bg.png in Resources */,
				67F6339821B8268B00395266 /* 常见问题@2x.png in Resources */,
				67F6335B21B8233500395266 /* 客服点击@2x.png in Resources */,
				67F6334A21B8233500395266 /* 隐藏@2x.png in Resources */,
				67F6335321B8233500395266 /* 客服@3x.png in Resources */,
				67F6339D21B8268B00395266 /* 找回秘密@3x.png in Resources */,
				67F633BA21B8268B00395266 /* 游客登录@3x.png in Resources */,
				67F633AB21B8268B00395266 /* 输入框@3x.png in Resources */,
				67F6335221B8233500395266 /* 浮标拖动@2x.png in Resources */,
				67F633A621B8268B00395266 /* 用户隐私@3x.png in Resources */,
				67F633AE21B8268B00395266 /* 输入框@2x.png in Resources */,
				67F633C821B8268B00395266 /* 推荐@2x.png in Resources */,
				67F6334B21B8233500395266 /* 个人中心点击@3x.png in Resources */,
				67F6335021B8233500395266 /* 平台点击@2x.png in Resources */,
				67F633B321B8268B00395266 /* 按钮@2x.png in Resources */,
				67F633AF21B8268B00395266 /* 使用许可@2x.png in Resources */,
				67F6339C21B8268B00395266 /* 使用许可@3x.png in Resources */,
				67F6339F21B8268B00395266 /* 手机@3x.png in Resources */,
				6793A26721B7821900E0A641 /* BaseView.xib in Resources */,
				67F633C521B8268B00395266 /* 账号登录@3x.png in Resources */,
				67F6334721B8233500395266 /* 攻略点击@2x.png in Resources */,
			);
			runOnlyForDeploymentPostprocessing = 0;
		};
		6716FC0721B6C0A5001720E2 /* Resources */ = {
			isa = PBXResourcesBuildPhase;
			buildActionMask = 2147483647;
			files = (
				6716FC0B21B6CB4F001720E2 /* SDKBundle.bundle in Resources */,
			);
			runOnlyForDeploymentPostprocessing = 0;
		};
		67939F9A21B531AF00E0A641 /* Resources */ = {
			isa = PBXResourcesBuildPhase;
			buildActionMask = 2147483647;
			files = (
				6716FC1921B6CC95001720E2 /* SDKBundle.bundle in Resources */,
				67939FAD21B531B000E0A641 /* Main.storyboard in Resources */,
				67939FA221B531B000E0A641 /* GameScene.sks in Resources */,
				67939FAF21B531B200E0A641 /* Assets.xcassets in Resources */,
				67939FB221B531B200E0A641 /* LaunchScreen.storyboard in Resources */,
				67939FA421B531B000E0A641 /* Actions.sks in Resources */,
			);
			runOnlyForDeploymentPostprocessing = 0;
		};
/* End PBXResourcesBuildPhase section */

/* Begin PBXShellScriptBuildPhase section */
		48EB2F919560CE9F188E7689 /* [CP] Check Pods Manifest.lock */ = {
			isa = PBXShellScriptBuildPhase;
			buildActionMask = 2147483647;
			files = (
			);
			inputPaths = (
				"${PODS_PODFILE_DIR_PATH}/Podfile.lock",
				"${PODS_ROOT}/Manifest.lock",
			);
			name = "[CP] Check Pods Manifest.lock";
			outputPaths = (
				"$(DERIVED_FILE_DIR)/Pods-MySDKDemoLib-checkManifestLockResult.txt",
			);
			runOnlyForDeploymentPostprocessing = 0;
			shellPath = /bin/sh;
			shellScript = "diff \"${PODS_PODFILE_DIR_PATH}/Podfile.lock\" \"${PODS_ROOT}/Manifest.lock\" > /dev/null\nif [ $? != 0 ] ; then\n    # print error to STDERR\n    echo \"error: The sandbox is not in sync with the Podfile.lock. Run 'pod install' or update your CocoaPods installation.\" >&2\n    exit 1\nfi\n# This output is used by Xcode 'outputs' to avoid re-running this script phase.\necho \"SUCCESS\" > \"${SCRIPT_OUTPUT_FILE_0}\"\n";
			showEnvVarsInLog = 0;
		};
/* End PBXShellScriptBuildPhase section */

/* Begin PBXSourcesBuildPhase section */
		6716F9BE21B6BB3E001720E2 /* Sources */ = {
			isa = PBXSourcesBuildPhase;
			buildActionMask = 2147483647;
			files = (
			);
			runOnlyForDeploymentPostprocessing = 0;
		};
		677BB601217EBFE800C1ED76 /* Sources */ = {
			isa = PBXSourcesBuildPhase;
			buildActionMask = 2147483647;
			files = (
				677BB667217EC6D300C1ED76 /* MySDKInitData.m in Sources */,
				677BB665217EC6D300C1ED76 /* MySDKInitController.m in Sources */,
				677BB660217EC6D300C1ED76 /* NetWorkRespondModel.m in Sources */,
				677BB65B217EC6D300C1ED76 /* SDKLoginController.m in Sources */,
				677BB60A217EBFE800C1ED76 /* MySDKDemoLib.m in Sources */,
				67DFADDB21B8C4D9009E0C92 /* BaseViewController.m in Sources */,
				677BB666217EC6D300C1ED76 /* MySDKConfig.m in Sources */,
				677BB65C217EC6D300C1ED76 /* ParamsRegLogOn.m in Sources */,
				677BB664217EC6D300C1ED76 /* LogoView.m in Sources */,
				677BB65E217EC6D300C1ED76 /* MyToast.m in Sources */,
				677BB662217EC6D300C1ED76 /* NSString+UniqueStrings.m in Sources */,
				677BB663217EC6D300C1ED76 /* APICommonParams.m in Sources */,
				677BB661217EC6D300C1ED76 /* NSString+Sign.m in Sources */,
				677BB65F217EC6D300C1ED76 /* MySDKNetWorkController.m in Sources */,
			);
			runOnlyForDeploymentPostprocessing = 0;
		};
		67939F9821B531AF00E0A641 /* Sources */ = {
			isa = PBXSourcesBuildPhase;
			buildActionMask = 2147483647;
			files = (
				67939FA721B531B000E0A641 /* GameScene.m in Sources */,
				67939FAA21B531B000E0A641 /* GameViewController.m in Sources */,
				67939FB521B531B200E0A641 /* main.m in Sources */,
				67939FA021B531AF00E0A641 /* AppDelegate.m in Sources */,
			);
			runOnlyForDeploymentPostprocessing = 0;
		};
/* End PBXSourcesBuildPhase section */

/* Begin PBXVariantGroup section */
		67939FAB21B531B000E0A641 /* Main.storyboard */ = {
			isa = PBXVariantGroup;
			children = (
				67939FAC21B531B000E0A641 /* Base */,
			);
			name = Main.storyboard;
			sourceTree = "<group>";
		};
		67939FB021B531B200E0A641 /* LaunchScreen.storyboard */ = {
			isa = PBXVariantGroup;
			children = (
				67939FB121B531B200E0A641 /* Base */,
			);
			name = LaunchScreen.storyboard;
			sourceTree = "<group>";
		};
/* End PBXVariantGroup section */

/* Begin XCBuildConfiguration section */
		6716F9C621B6BB3E001720E2 /* Debug */ = {
			isa = XCBuildConfiguration;
			buildSettings = {
				CODE_SIGN_IDENTITY = "-";
				CODE_SIGN_STYLE = Automatic;
				COMBINE_HIDPI_IMAGES = NO;
				INFOPLIST_FILE = SDKBundle/bundleInfo.plist;
				INSTALL_PATH = "$(LOCAL_LIBRARY_DIR)/Bundles";
				IPHONEOS_DEPLOYMENT_TARGET = 9.0;
				MACOSX_DEPLOYMENT_TARGET = 10.14;
				PRODUCT_BUNDLE_IDENTIFIER = com.mytest.SDKBundle;
				PRODUCT_NAME = "$(TARGET_NAME)";
				SDKROOT = iphoneos;
				SKIP_INSTALL = YES;
				WRAPPER_EXTENSION = bundle;
			};
			name = Debug;
		};
		6716F9C721B6BB3E001720E2 /* Release */ = {
			isa = XCBuildConfiguration;
			buildSettings = {
				CODE_SIGN_IDENTITY = "-";
				CODE_SIGN_STYLE = Automatic;
				COMBINE_HIDPI_IMAGES = NO;
				INFOPLIST_FILE = SDKBundle/bundleInfo.plist;
				INSTALL_PATH = "$(LOCAL_LIBRARY_DIR)/Bundles";
				IPHONEOS_DEPLOYMENT_TARGET = 9.0;
				MACOSX_DEPLOYMENT_TARGET = 10.14;
				PRODUCT_BUNDLE_IDENTIFIER = com.mytest.SDKBundle;
				PRODUCT_NAME = "$(TARGET_NAME)";
				SDKROOT = iphoneos;
				SKIP_INSTALL = YES;
				WRAPPER_EXTENSION = bundle;
			};
			name = Release;
		};
		677BB60C217EBFE800C1ED76 /* Debug */ = {
			isa = XCBuildConfiguration;
			buildSettings = {
				ALWAYS_SEARCH_USER_PATHS = NO;
				CLANG_ANALYZER_NONNULL = YES;
				CLANG_ANALYZER_NUMBER_OBJECT_CONVERSION = YES_AGGRESSIVE;
				CLANG_CXX_LANGUAGE_STANDARD = "gnu++14";
				CLANG_CXX_LIBRARY = "libc++";
				CLANG_ENABLE_MODULES = YES;
				CLANG_ENABLE_OBJC_ARC = YES;
				CLANG_ENABLE_OBJC_WEAK = YES;
				CLANG_WARN_BLOCK_CAPTURE_AUTORELEASING = YES;
				CLANG_WARN_BOOL_CONVERSION = YES;
				CLANG_WARN_COMMA = YES;
				CLANG_WARN_CONSTANT_CONVERSION = YES;
				CLANG_WARN_DEPRECATED_OBJC_IMPLEMENTATIONS = YES;
				CLANG_WARN_DIRECT_OBJC_ISA_USAGE = YES_ERROR;
				CLANG_WARN_DOCUMENTATION_COMMENTS = YES;
				CLANG_WARN_EMPTY_BODY = YES;
				CLANG_WARN_ENUM_CONVERSION = YES;
				CLANG_WARN_INFINITE_RECURSION = YES;
				CLANG_WARN_INT_CONVERSION = YES;
				CLANG_WARN_NON_LITERAL_NULL_CONVERSION = YES;
				CLANG_WARN_OBJC_IMPLICIT_RETAIN_SELF = YES;
				CLANG_WARN_OBJC_LITERAL_CONVERSION = YES;
				CLANG_WARN_OBJC_ROOT_CLASS = YES_ERROR;
				CLANG_WARN_RANGE_LOOP_ANALYSIS = YES;
				CLANG_WARN_STRICT_PROTOTYPES = YES;
				CLANG_WARN_SUSPICIOUS_MOVE = YES;
				CLANG_WARN_UNGUARDED_AVAILABILITY = YES_AGGRESSIVE;
				CLANG_WARN_UNREACHABLE_CODE = YES;
				CLANG_WARN__DUPLICATE_METHOD_MATCH = YES;
				CODE_SIGN_IDENTITY = "iPhone Developer";
				COPY_PHASE_STRIP = NO;
				DEBUG_INFORMATION_FORMAT = dwarf;
				ENABLE_STRICT_OBJC_MSGSEND = YES;
				ENABLE_TESTABILITY = YES;
				GCC_C_LANGUAGE_STANDARD = gnu11;
				GCC_DYNAMIC_NO_PIC = NO;
				GCC_NO_COMMON_BLOCKS = YES;
				GCC_OPTIMIZATION_LEVEL = 0;
				GCC_PREPROCESSOR_DEFINITIONS = (
					"DEBUG=1",
					"$(inherited)",
				);
				GCC_WARN_64_TO_32_BIT_CONVERSION = YES;
				GCC_WARN_ABOUT_RETURN_TYPE = YES_ERROR;
				GCC_WARN_UNDECLARED_SELECTOR = YES;
				GCC_WARN_UNINITIALIZED_AUTOS = YES_AGGRESSIVE;
				GCC_WARN_UNUSED_FUNCTION = YES;
				GCC_WARN_UNUSED_VARIABLE = YES;
				IPHONEOS_DEPLOYMENT_TARGET = 12.0;
				MTL_ENABLE_DEBUG_INFO = INCLUDE_SOURCE;
				MTL_FAST_MATH = YES;
				ONLY_ACTIVE_ARCH = YES;
				SDKROOT = iphoneos;
			};
			name = Debug;
		};
		677BB60D217EBFE800C1ED76 /* Release */ = {
			isa = XCBuildConfiguration;
			buildSettings = {
				ALWAYS_SEARCH_USER_PATHS = NO;
				CLANG_ANALYZER_NONNULL = YES;
				CLANG_ANALYZER_NUMBER_OBJECT_CONVERSION = YES_AGGRESSIVE;
				CLANG_CXX_LANGUAGE_STANDARD = "gnu++14";
				CLANG_CXX_LIBRARY = "libc++";
				CLANG_ENABLE_MODULES = YES;
				CLANG_ENABLE_OBJC_ARC = YES;
				CLANG_ENABLE_OBJC_WEAK = YES;
				CLANG_WARN_BLOCK_CAPTURE_AUTORELEASING = YES;
				CLANG_WARN_BOOL_CONVERSION = YES;
				CLANG_WARN_COMMA = YES;
				CLANG_WARN_CONSTANT_CONVERSION = YES;
				CLANG_WARN_DEPRECATED_OBJC_IMPLEMENTATIONS = YES;
				CLANG_WARN_DIRECT_OBJC_ISA_USAGE = YES_ERROR;
				CLANG_WARN_DOCUMENTATION_COMMENTS = YES;
				CLANG_WARN_EMPTY_BODY = YES;
				CLANG_WARN_ENUM_CONVERSION = YES;
				CLANG_WARN_INFINITE_RECURSION = YES;
				CLANG_WARN_INT_CONVERSION = YES;
				CLANG_WARN_NON_LITERAL_NULL_CONVERSION = YES;
				CLANG_WARN_OBJC_IMPLICIT_RETAIN_SELF = YES;
				CLANG_WARN_OBJC_LITERAL_CONVERSION = YES;
				CLANG_WARN_OBJC_ROOT_CLASS = YES_ERROR;
				CLANG_WARN_RANGE_LOOP_ANALYSIS = YES;
				CLANG_WARN_STRICT_PROTOTYPES = YES;
				CLANG_WARN_SUSPICIOUS_MOVE = YES;
				CLANG_WARN_UNGUARDED_AVAILABILITY = YES_AGGRESSIVE;
				CLANG_WARN_UNREACHABLE_CODE = YES;
				CLANG_WARN__DUPLICATE_METHOD_MATCH = YES;
				CODE_SIGN_IDENTITY = "iPhone Developer";
				COPY_PHASE_STRIP = NO;
				DEBUG_INFORMATION_FORMAT = "dwarf-with-dsym";
				ENABLE_NS_ASSERTIONS = NO;
				ENABLE_STRICT_OBJC_MSGSEND = YES;
				GCC_C_LANGUAGE_STANDARD = gnu11;
				GCC_NO_COMMON_BLOCKS = YES;
				GCC_WARN_64_TO_32_BIT_CONVERSION = YES;
				GCC_WARN_ABOUT_RETURN_TYPE = YES_ERROR;
				GCC_WARN_UNDECLARED_SELECTOR = YES;
				GCC_WARN_UNINITIALIZED_AUTOS = YES_AGGRESSIVE;
				GCC_WARN_UNUSED_FUNCTION = YES;
				GCC_WARN_UNUSED_VARIABLE = YES;
				IPHONEOS_DEPLOYMENT_TARGET = 12.0;
				MTL_ENABLE_DEBUG_INFO = NO;
				MTL_FAST_MATH = YES;
				SDKROOT = iphoneos;
				VALIDATE_PRODUCT = YES;
			};
			name = Release;
		};
		677BB60F217EBFE800C1ED76 /* Debug */ = {
			isa = XCBuildConfiguration;
			baseConfigurationReference = 16DCDF932DEA97C0F2D75EA4 /* Pods-MySDKDemoLib.debug.xcconfig */;
			buildSettings = {
				CODE_SIGN_STYLE = Automatic;
				GCC_PRECOMPILE_PREFIX_HEADER = YES;
				GCC_PREFIX_HEADER = "$(SRCROOT)/MySDKDemoLib/Common/GlobalDefine.pch";
				IPHONEOS_DEPLOYMENT_TARGET = 9.0;
				OTHER_LDFLAGS = "-ObjC";
				PRODUCT_NAME = "$(TARGET_NAME)";
				SKIP_INSTALL = YES;
				TARGETED_DEVICE_FAMILY = "1,2";
			};
			name = Debug;
		};
		677BB610217EBFE800C1ED76 /* Release */ = {
			isa = XCBuildConfiguration;
			baseConfigurationReference = 6F523C4A52DA65B477BA821C /* Pods-MySDKDemoLib.release.xcconfig */;
			buildSettings = {
				CODE_SIGN_STYLE = Automatic;
				GCC_PRECOMPILE_PREFIX_HEADER = YES;
				GCC_PREFIX_HEADER = "$(SRCROOT)/MySDKDemoLib/Common/GlobalDefine.pch";
				IPHONEOS_DEPLOYMENT_TARGET = 9.0;
				OTHER_LDFLAGS = "-ObjC";
				PRODUCT_NAME = "$(TARGET_NAME)";
				SKIP_INSTALL = YES;
				TARGETED_DEVICE_FAMILY = "1,2";
			};
			name = Release;
		};
		67939FB721B531B200E0A641 /* Debug */ = {
			isa = XCBuildConfiguration;
			buildSettings = {
				ASSETCATALOG_COMPILER_APPICON_NAME = AppIcon;
				CODE_SIGN_STYLE = Manual;
				DEVELOPMENT_TEAM = CH78CKY35H;
				INFOPLIST_FILE = MyGameTest/Info.plist;
				IPHONEOS_DEPLOYMENT_TARGET = 12.1;
				LD_RUNPATH_SEARCH_PATHS = (
					"$(inherited)",
					"@executable_path/Frameworks",
				);
				PRODUCT_BUNDLE_IDENTIFIER = com.AtomLee.MyGameTest;
				PRODUCT_NAME = "$(TARGET_NAME)";
				PROVISIONING_PROFILE_SPECIFIER = debug_0314_dev;
				TARGETED_DEVICE_FAMILY = "1,2";
			};
			name = Debug;
		};
		67939FB821B531B200E0A641 /* Release */ = {
			isa = XCBuildConfiguration;
			buildSettings = {
				ASSETCATALOG_COMPILER_APPICON_NAME = AppIcon;
				CODE_SIGN_STYLE = Manual;
				DEVELOPMENT_TEAM = CH78CKY35H;
				INFOPLIST_FILE = MyGameTest/Info.plist;
				IPHONEOS_DEPLOYMENT_TARGET = 12.1;
				LD_RUNPATH_SEARCH_PATHS = (
					"$(inherited)",
					"@executable_path/Frameworks",
				);
				PRODUCT_BUNDLE_IDENTIFIER = com.AtomLee.MyGameTest;
				PRODUCT_NAME = "$(TARGET_NAME)";
				PROVISIONING_PROFILE_SPECIFIER = debug_0314_dev;
				TARGETED_DEVICE_FAMILY = "1,2";
			};
			name = Release;
		};
/* End XCBuildConfiguration section */

/* Begin XCConfigurationList section */
		6716F9C521B6BB3E001720E2 /* Build configuration list for PBXNativeTarget "SDKBundle" */ = {
			isa = XCConfigurationList;
			buildConfigurations = (
				6716F9C621B6BB3E001720E2 /* Debug */,
				6716F9C721B6BB3E001720E2 /* Release */,
			);
			defaultConfigurationIsVisible = 0;
			defaultConfigurationName = Release;
		};
		677BB600217EBFE800C1ED76 /* Build configuration list for PBXProject "MySDKDemoLib" */ = {
			isa = XCConfigurationList;
			buildConfigurations = (
				677BB60C217EBFE800C1ED76 /* Debug */,
				677BB60D217EBFE800C1ED76 /* Release */,
			);
			defaultConfigurationIsVisible = 0;
			defaultConfigurationName = Release;
		};
		677BB60E217EBFE800C1ED76 /* Build configuration list for PBXNativeTarget "MySDKDemoLib" */ = {
			isa = XCConfigurationList;
			buildConfigurations = (
				677BB60F217EBFE800C1ED76 /* Debug */,
				677BB610217EBFE800C1ED76 /* Release */,
			);
			defaultConfigurationIsVisible = 0;
			defaultConfigurationName = Release;
		};
		67939FB621B531B200E0A641 /* Build configuration list for PBXNativeTarget "MyGameTest" */ = {
			isa = XCConfigurationList;
			buildConfigurations = (
				67939FB721B531B200E0A641 /* Debug */,
				67939FB821B531B200E0A641 /* Release */,
			);
			defaultConfigurationIsVisible = 0;
			defaultConfigurationName = Release;
		};
/* End XCConfigurationList section */
	};
	rootObject = 677BB5FD217EBFE800C1ED76 /* Project object */;
}
